// !$*UTF8*$!
{
	archiveVersion = 1;
	classes = {
	};
	objectVersion = 55;
	objects = {

/* Begin PBXBuildFile section */
		0951D3D245DBD86F0F3241C5 /* Pods_TravelLive.framework in Frameworks */ = {isa = PBXBuildFile; fileRef = 7058E26C63EAA7047446EE5B /* Pods_TravelLive.framework */; };
		4B035A0B2812748200017762 /* UICollectionView+Extension.swift in Sources */ = {isa = PBXBuildFile; fileRef = 4B035A0A2812748200017762 /* UICollectionView+Extension.swift */; };
		4B060CBC280BD3020055EDB2 /* GridLayout.swift in Sources */ = {isa = PBXBuildFile; fileRef = 4B060CBB280BD3020055EDB2 /* GridLayout.swift */; };
		4B060CC0280C5DCA0055EDB2 /* ImageManager.swift in Sources */ = {isa = PBXBuildFile; fileRef = 4B060CBF280C5DCA0055EDB2 /* ImageManager.swift */; };
		4B060CC2280C66590055EDB2 /* SearchCollectionViewCell.swift in Sources */ = {isa = PBXBuildFile; fileRef = 4B060CC1280C66580055EDB2 /* SearchCollectionViewCell.swift */; };
		4B12BAB72803CBDB0096359B /* GMSMarker+Extension.swift in Sources */ = {isa = PBXBuildFile; fileRef = 4B12BAB62803CBDA0096359B /* GMSMarker+Extension.swift */; };
		4B17A8552815BE080006BB2D /* ImageCell.swift in Sources */ = {isa = PBXBuildFile; fileRef = 4B17A8542815BE080006BB2D /* ImageCell.swift */; };
		4B17A8592815BE230006BB2D /* ImageCell.xib in Resources */ = {isa = PBXBuildFile; fileRef = 4B17A8562815BE220006BB2D /* ImageCell.xib */; };
		4B17A85A2815BE230006BB2D /* TitleView.swift in Sources */ = {isa = PBXBuildFile; fileRef = 4B17A8572815BE230006BB2D /* TitleView.swift */; };
		4B17A85B2815BE230006BB2D /* TitleView.xib in Resources */ = {isa = PBXBuildFile; fileRef = 4B17A8582815BE230006BB2D /* TitleView.xib */; };
		4B17A8892815C6880006BB2D /* DetailViewCommentCell.swift in Sources */ = {isa = PBXBuildFile; fileRef = 4B17A8852815C6880006BB2D /* DetailViewCommentCell.swift */; };
		4B17A88A2815C6880006BB2D /* DetailViewImageCell.swift in Sources */ = {isa = PBXBuildFile; fileRef = 4B17A8862815C6880006BB2D /* DetailViewImageCell.swift */; };
		4B17A88B2815C6880006BB2D /* DetailViewCommentCell.xib in Resources */ = {isa = PBXBuildFile; fileRef = 4B17A8872815C6880006BB2D /* DetailViewCommentCell.xib */; };
		4B17A88C2815C6880006BB2D /* DetailViewImageCell.xib in Resources */ = {isa = PBXBuildFile; fileRef = 4B17A8882815C6880006BB2D /* DetailViewImageCell.xib */; };
		4B17A88F2815C6C60006BB2D /* ProfileCollectionCell.swift in Sources */ = {isa = PBXBuildFile; fileRef = 4B17A88D2815C6C60006BB2D /* ProfileCollectionCell.swift */; };
		4B17A8902815C6C60006BB2D /* ProfileHeader.swift in Sources */ = {isa = PBXBuildFile; fileRef = 4B17A88E2815C6C60006BB2D /* ProfileHeader.swift */; };
		4B1950D72822767600B6A789 /* StretchyTableHeaderView.swift in Sources */ = {isa = PBXBuildFile; fileRef = 4B1950D62822767600B6A789 /* StretchyTableHeaderView.swift */; };
		4B1950D92824169300B6A789 /* Hearts moving.json in Resources */ = {isa = PBXBuildFile; fileRef = 4B1950D82824169300B6A789 /* Hearts moving.json */; };
		4B1950DB282419EA00B6A789 /* Heart falling.json in Resources */ = {isa = PBXBuildFile; fileRef = 4B1950DA282419EA00B6A789 /* Heart falling.json */; };
		4B1950DD282448FB00B6A789 /* loading.json in Resources */ = {isa = PBXBuildFile; fileRef = 4B1950DC282448FB00B6A789 /* loading.json */; };
		4B1950E32826DB6200B6A789 /* WebViewController.swift in Sources */ = {isa = PBXBuildFile; fileRef = 4B1950E22826DB6200B6A789 /* WebViewController.swift */; };
		4B1950E52826E12700B6A789 /* UITapGestureRecognizer+Extension.swift in Sources */ = {isa = PBXBuildFile; fileRef = 4B1950E42826E12600B6A789 /* UITapGestureRecognizer+Extension.swift */; };
		4B1950E72826EA6600B6A789 /* NSMutableAttributedString+Extension.swift in Sources */ = {isa = PBXBuildFile; fileRef = 4B1950E62826EA6500B6A789 /* NSMutableAttributedString+Extension.swift */; };
		4B1ED6252813BFB500674E6D /* ShareManager.swift in Sources */ = {isa = PBXBuildFile; fileRef = 4B1ED6242813BFB500674E6D /* ShareManager.swift */; };
		4B3AAAD62806BCB500CBFE89 /* Notification.Name+Extension.swift in Sources */ = {isa = PBXBuildFile; fileRef = 4B3AAAD52806BCB500CBFE89 /* Notification.Name+Extension.swift */; };
		4B3AAAE628081CDD00CBFE89 /* EventViewController.swift in Sources */ = {isa = PBXBuildFile; fileRef = 4B3AAAE528081CDD00CBFE89 /* EventViewController.swift */; };
		4B3AAAED280825BB00CBFE89 /* EventDataObject.swift in Sources */ = {isa = PBXBuildFile; fileRef = 4B3AAAEC280825BB00CBFE89 /* EventDataObject.swift */; };
		4B3AAAF1280873D400CBFE89 /* ProfileViewController.swift in Sources */ = {isa = PBXBuildFile; fileRef = 4B3AAAF0280873D400CBFE89 /* ProfileViewController.swift */; };
		4B3AAAF32808893F00CBFE89 /* PhotoVideoManager.swift in Sources */ = {isa = PBXBuildFile; fileRef = 4B3AAAF22808893E00CBFE89 /* PhotoVideoManager.swift */; };
		4B43FD922800AB2400B7085D /* UILabel+Extension.swift in Sources */ = {isa = PBXBuildFile; fileRef = 4B43FD912800AB2400B7085D /* UILabel+Extension.swift */; };
		4B4AA43628028E7B0066C602 /* Constant.swift in Sources */ = {isa = PBXBuildFile; fileRef = 4B4AA43528028E7B0066C602 /* Constant.swift */; };
		4B4AA4382802928B0066C602 /* Bundle+Extension.swift in Sources */ = {isa = PBXBuildFile; fileRef = 4B4AA4372802928B0066C602 /* Bundle+Extension.swift */; };
		4B4AA43B280294BE0066C602 /* Parser.swift in Sources */ = {isa = PBXBuildFile; fileRef = 4B4AA43A280294BE0066C602 /* Parser.swift */; };
		4B4AA43E280296470066C602 /* PushStreamingRequest.swift in Sources */ = {isa = PBXBuildFile; fileRef = 4B4AA43D280296470066C602 /* PushStreamingRequest.swift */; };
		4B4AA4402802AC4B0066C602 /* PushStreamingProvider.swift in Sources */ = {isa = PBXBuildFile; fileRef = 4B4AA43F2802AC4B0066C602 /* PushStreamingProvider.swift */; };
		4B4AA4422802BF9A0066C602 /* PushStreamingBody.swift in Sources */ = {isa = PBXBuildFile; fileRef = 4B4AA4412802BF9A0066C602 /* PushStreamingBody.swift */; };
		4B4BBF7728043E4700A53128 /* DataRequest.swift in Sources */ = {isa = PBXBuildFile; fileRef = 4B4BBF7628043E4700A53128 /* DataRequest.swift */; };
		4B503BFA281FBF1500E23942 /* UINavigationController+Extension.swift in Sources */ = {isa = PBXBuildFile; fileRef = 4B503BF9281FBF1500E23942 /* UINavigationController+Extension.swift */; };
		4B503BFE28203EFE00E23942 /* Heart break.json in Resources */ = {isa = PBXBuildFile; fileRef = 4B503BFD28203EFE00E23942 /* Heart break.json */; };
		4B503C0028203F1C00E23942 /* Live.json in Resources */ = {isa = PBXBuildFile; fileRef = 4B503BFF28203F1C00E23942 /* Live.json */; };
		4B552B8B27FD28D600A304D6 /* LoginViewController.swift in Sources */ = {isa = PBXBuildFile; fileRef = 4B552B8A27FD28D600A304D6 /* LoginViewController.swift */; };
		4B552B9527FD5C5900A304D6 /* NibOwnerLoadable.swift in Sources */ = {isa = PBXBuildFile; fileRef = 4B552B9427FD5C5900A304D6 /* NibOwnerLoadable.swift */; };
		4B55B58A280A6919005D9869 /* RecordManager.swift in Sources */ = {isa = PBXBuildFile; fileRef = 4B55B589280A6919005D9869 /* RecordManager.swift */; };
		4B5BC3DC282BA2910049B39C /* VideoWall.storyboard in Resources */ = {isa = PBXBuildFile; fileRef = 4B5BC3DB282BA2910049B39C /* VideoWall.storyboard */; };
		4B5BC3E0282BA3D60049B39C /* VideoWallTableViewCell.swift in Sources */ = {isa = PBXBuildFile; fileRef = 4B5BC3DE282BA3D60049B39C /* VideoWallTableViewCell.swift */; };
		4B5BC3E1282BA3D60049B39C /* VideoWallTableViewCell.xib in Resources */ = {isa = PBXBuildFile; fileRef = 4B5BC3DF282BA3D60049B39C /* VideoWallTableViewCell.xib */; };
		4B5BC3E4282BA4F70049B39C /* ASVideoContainer.swift in Sources */ = {isa = PBXBuildFile; fileRef = 4B5BC3E3282BA4F70049B39C /* ASVideoContainer.swift */; };
		4B5BC3E6282BA56E0049B39C /* ASAutoPlayVideoLayerContainer.swift in Sources */ = {isa = PBXBuildFile; fileRef = 4B5BC3E5282BA56E0049B39C /* ASAutoPlayVideoLayerContainer.swift */; };
		4B5BC3E8282BA59E0049B39C /* ASVideoLayerObject.swift in Sources */ = {isa = PBXBuildFile; fileRef = 4B5BC3E7282BA59E0049B39C /* ASVideoLayerObject.swift */; };
		4B5BC3EB282BAB070049B39C /* VideoWallViewController.swift in Sources */ = {isa = PBXBuildFile; fileRef = 4B5BC3EA282BAB070049B39C /* VideoWallViewController.swift */; };
		4B5BC3ED282C0CC20049B39C /* UIAlertController+Extension.swift in Sources */ = {isa = PBXBuildFile; fileRef = 4B5BC3EC282C0CC20049B39C /* UIAlertController+Extension.swift */; };
		4B66896A2818E2F6003CA423 /* ProfilePropertyObject.swift in Sources */ = {isa = PBXBuildFile; fileRef = 4B6689662818E2F6003CA423 /* ProfilePropertyObject.swift */; };
		4B66896B2818E2F6003CA423 /* ProfileProvider.swift in Sources */ = {isa = PBXBuildFile; fileRef = 4B6689672818E2F6003CA423 /* ProfileProvider.swift */; };
		4B66896C2818E2F6003CA423 /* ProfileLikedObject.swift in Sources */ = {isa = PBXBuildFile; fileRef = 4B6689682818E2F6003CA423 /* ProfileLikedObject.swift */; };
		4B66896D2818E2F6003CA423 /* ProfileObject.swift in Sources */ = {isa = PBXBuildFile; fileRef = 4B6689692818E2F6003CA423 /* ProfileObject.swift */; };
		4B66897E281A7299003CA423 /* ChangeButtonTintColor.swift in Sources */ = {isa = PBXBuildFile; fileRef = 4B66897D281A7299003CA423 /* ChangeButtonTintColor.swift */; };
		4B66E9462817B96C00BD62C6 /* EventCollectionViewController.swift in Sources */ = {isa = PBXBuildFile; fileRef = 4B66E9452817B96C00BD62C6 /* EventCollectionViewController.swift */; };
		4B66E9492817BB0400BD62C6 /* EventCollectionViewCell.swift in Sources */ = {isa = PBXBuildFile; fileRef = 4B66E9472817BB0400BD62C6 /* EventCollectionViewCell.swift */; };
		4B66E94A2817BB0400BD62C6 /* EventCollectionViewCell.xib in Resources */ = {isa = PBXBuildFile; fileRef = 4B66E9482817BB0400BD62C6 /* EventCollectionViewCell.xib */; };
		4B66E94D2817BC6400BD62C6 /* EventTableViewCell.swift in Sources */ = {isa = PBXBuildFile; fileRef = 4B66E94B2817BC6400BD62C6 /* EventTableViewCell.swift */; };
		4B66E94E2817BC6500BD62C6 /* EventTableViewCell.xib in Resources */ = {isa = PBXBuildFile; fileRef = 4B66E94C2817BC6400BD62C6 /* EventTableViewCell.xib */; };
		4B93F4FF27FE8ECF00C3C99B /* UIButton+Extension.swift in Sources */ = {isa = PBXBuildFile; fileRef = 4B93F4FE27FE8ECF00C3C99B /* UIButton+Extension.swift */; };
		4B9787FB280FEB490003CC9F /* CommentBody.swift in Sources */ = {isa = PBXBuildFile; fileRef = 4B9787FA280FEB490003CC9F /* CommentBody.swift */; };
		4B9787FD280FEFB90003CC9F /* CommentObject.swift in Sources */ = {isa = PBXBuildFile; fileRef = 4B9787FC280FEFB90003CC9F /* CommentObject.swift */; };
		4B9788032810462B0003CC9F /* Date+Extension.swift in Sources */ = {isa = PBXBuildFile; fileRef = 4B9788022810462B0003CC9F /* Date+Extension.swift */; };
		4B978805281057280003CC9F /* LikeBody.swift in Sources */ = {isa = PBXBuildFile; fileRef = 4B978804281057280003CC9F /* LikeBody.swift */; };
		4B97880A28106E660003CC9F /* ConvertQuery.swift in Sources */ = {isa = PBXBuildFile; fileRef = 4B97880928106E660003CC9F /* ConvertQuery.swift */; };
		4B9788102811C09F0003CC9F /* URL+Extension.swift in Sources */ = {isa = PBXBuildFile; fileRef = 4B97880F2811C09F0003CC9F /* URL+Extension.swift */; };
		4B9788132811C89E0003CC9F /* UniversalLinkManager.swift in Sources */ = {isa = PBXBuildFile; fileRef = 4B9788122811C89E0003CC9F /* UniversalLinkManager.swift */; };
		4BA36583281AE34800A2E724 /* CropViewController.swift in Sources */ = {isa = PBXBuildFile; fileRef = 4BA36582281AE34800A2E724 /* CropViewController.swift */; };
		4BA36585281AE37200A2E724 /* CircleCropView.swift in Sources */ = {isa = PBXBuildFile; fileRef = 4BA36584281AE37200A2E724 /* CircleCropView.swift */; };
		4BA36587281AE45F00A2E724 /* ImagePicker.swift in Sources */ = {isa = PBXBuildFile; fileRef = 4BA36586281AE45F00A2E724 /* ImagePicker.swift */; };
		4BA3658A281AEB6900A2E724 /* ConvertImageTOBase64.swift in Sources */ = {isa = PBXBuildFile; fileRef = 4BA36589281AEB6900A2E724 /* ConvertImageTOBase64.swift */; };
		4BA4ED5D2817139800B158CA /* NotificationManager.swift in Sources */ = {isa = PBXBuildFile; fileRef = 4BA4ED5C2817139800B158CA /* NotificationManager.swift */; };
		4BA4ED62281786C500B158CA /* UserData.swift in Sources */ = {isa = PBXBuildFile; fileRef = 4BA4ED61281786C500B158CA /* UserData.swift */; };
		4BA5E392280E484B00D421D0 /* SearchDataProvider.swift in Sources */ = {isa = PBXBuildFile; fileRef = 4BA5E391280E484B00D421D0 /* SearchDataProvider.swift */; };
		4BA5E394280E49F600D421D0 /* SearchDataObject.swift in Sources */ = {isa = PBXBuildFile; fileRef = 4BA5E393280E49F600D421D0 /* SearchDataObject.swift */; };
		4BA5E396280E76CA00D421D0 /* iOSDevCenters+GIF.swift in Sources */ = {isa = PBXBuildFile; fileRef = 4BA5E395280E76CA00D421D0 /* iOSDevCenters+GIF.swift */; };
		4BA5E3A9280E9FB400D421D0 /* DetailViewController.swift in Sources */ = {isa = PBXBuildFile; fileRef = 4BA5E3A8280E9FB400D421D0 /* DetailViewController.swift */; };
		4BA5E3AB280EC4D600D421D0 /* UIImageView+Extension.swift in Sources */ = {isa = PBXBuildFile; fileRef = 4BA5E3AA280EC4D500D421D0 /* UIImageView+Extension.swift */; };
		4BA5E3B3280F9D2A00D421D0 /* ReportViewController.xib in Resources */ = {isa = PBXBuildFile; fileRef = 4BA5E3B1280F9D2900D421D0 /* ReportViewController.xib */; };
		4BA5E3B6280FB10600D421D0 /* ReportBody.swift in Sources */ = {isa = PBXBuildFile; fileRef = 4BA5E3B5280FB10500D421D0 /* ReportBody.swift */; };
		4BA5E3B8280FB36300D421D0 /* DetailDataProvider.swift in Sources */ = {isa = PBXBuildFile; fileRef = 4BA5E3B7280FB36200D421D0 /* DetailDataProvider.swift */; };
		4BA5E3BD280FCEB100D421D0 /* CommentViewController.xib in Resources */ = {isa = PBXBuildFile; fileRef = 4BA5E3BB280FCEB100D421D0 /* CommentViewController.xib */; };
		4BB5A92D280DAD6E00739C61 /* GIFManager.swift in Sources */ = {isa = PBXBuildFile; fileRef = 4BB5A92C280DAD6E00739C61 /* GIFManager.swift */; };
		4BB6AC0628045F5D0061EDDE /* MapDataProvider.swift in Sources */ = {isa = PBXBuildFile; fileRef = 4BB6AC0528045F5D0061EDDE /* MapDataProvider.swift */; };
		4BB6AC08280466380061EDDE /* StreamerDataObject.swift in Sources */ = {isa = PBXBuildFile; fileRef = 4BB6AC07280466380061EDDE /* StreamerDataObject.swift */; };
		4BC0EE6027FF327800C5673B /* MessageCell.swift in Sources */ = {isa = PBXBuildFile; fileRef = 4BC0EE5E27FF327800C5673B /* MessageCell.swift */; };
		4BC0EE6127FF327800C5673B /* MessageCell.xib in Resources */ = {isa = PBXBuildFile; fileRef = 4BC0EE5F27FF327800C5673B /* MessageCell.xib */; };
		4BC0EE6327FFB90700C5673B /* UITableView+Extension.swift in Sources */ = {isa = PBXBuildFile; fileRef = 4BC0EE6227FFB90700C5673B /* UITableView+Extension.swift */; };
		4BC0EE6528000A1F00C5673B /* Chat.storyboard in Resources */ = {isa = PBXBuildFile; fileRef = 4BC0EE6428000A1E00C5673B /* Chat.storyboard */; };
		4BC0EE6828000B2000C5673B /* ChatViewController.swift in Sources */ = {isa = PBXBuildFile; fileRef = 4BC0EE6728000B2000C5673B /* ChatViewController.swift */; };
		4BC0EE6B28000D0800C5673B /* BaseViewController.swift in Sources */ = {isa = PBXBuildFile; fileRef = 4BC0EE6A28000D0800C5673B /* BaseViewController.swift */; };
		4BC1073A27FA9DD40017B1B7 /* AppDelegate.swift in Sources */ = {isa = PBXBuildFile; fileRef = 4BC1073927FA9DD40017B1B7 /* AppDelegate.swift */; };
		4BC1073C27FA9DD40017B1B7 /* SceneDelegate.swift in Sources */ = {isa = PBXBuildFile; fileRef = 4BC1073B27FA9DD40017B1B7 /* SceneDelegate.swift */; };
		4BC1073E27FA9DD40017B1B7 /* STTabBarViewController.swift in Sources */ = {isa = PBXBuildFile; fileRef = 4BC1073D27FA9DD40017B1B7 /* STTabBarViewController.swift */; };
		4BC1074127FA9DD40017B1B7 /* Main.storyboard in Resources */ = {isa = PBXBuildFile; fileRef = 4BC1073F27FA9DD40017B1B7 /* Main.storyboard */; };
		4BC1074627FA9DD60017B1B7 /* LaunchScreen.storyboard in Resources */ = {isa = PBXBuildFile; fileRef = 4BC1074427FA9DD60017B1B7 /* LaunchScreen.storyboard */; };
		4BC1075427FB470F0017B1B7 /* PushViewController.swift in Sources */ = {isa = PBXBuildFile; fileRef = 4BC1075327FB470F0017B1B7 /* PushViewController.swift */; };
		4BC1075927FB4AE40017B1B7 /* PushStreaming.storyboard in Resources */ = {isa = PBXBuildFile; fileRef = 4BC1075827FB4AE40017B1B7 /* PushStreaming.storyboard */; };
		4BC1075D27FB51870017B1B7 /* UIStoryboard+Extension.swift in Sources */ = {isa = PBXBuildFile; fileRef = 4BC1075C27FB51870017B1B7 /* UIStoryboard+Extension.swift */; };
		4BC1075F27FB560D0017B1B7 /* Map.storyboard in Resources */ = {isa = PBXBuildFile; fileRef = 4BC1075E27FB560D0017B1B7 /* Map.storyboard */; };
		4BC1076127FB56290017B1B7 /* Search.storyboard in Resources */ = {isa = PBXBuildFile; fileRef = 4BC1076027FB56290017B1B7 /* Search.storyboard */; };
		4BC1076527FB565F0017B1B7 /* Profile.storyboard in Resources */ = {isa = PBXBuildFile; fileRef = 4BC1076427FB565F0017B1B7 /* Profile.storyboard */; };
		4BC1076727FB56790017B1B7 /* Event.storyboard in Resources */ = {isa = PBXBuildFile; fileRef = 4BC1076627FB56790017B1B7 /* Event.storyboard */; };
		4BC1076927FBF0390017B1B7 /* UIImage+Extension.swift in Sources */ = {isa = PBXBuildFile; fileRef = 4BC1076827FBF0390017B1B7 /* UIImage+Extension.swift */; };
		4BC2BE4B27FBF848001FF31D /* UIScreen+Extension.swift in Sources */ = {isa = PBXBuildFile; fileRef = 4BC2BE4A27FBF848001FF31D /* UIScreen+Extension.swift */; };
		4BC2BE4D27FC0B19001FF31D /* UIColor+Extension.swift in Sources */ = {isa = PBXBuildFile; fileRef = 4BC2BE4C27FC0B19001FF31D /* UIColor+Extension.swift */; };
		4BC2BE5227FC45F3001FF31D /* MapViewController.swift in Sources */ = {isa = PBXBuildFile; fileRef = 4BC2BE5127FC45F3001FF31D /* MapViewController.swift */; };
		4BD37361280415E400141A29 /* IJKMediaFramework.framework in Frameworks */ = {isa = PBXBuildFile; fileRef = 4BD37360280415E400141A29 /* IJKMediaFramework.framework */; };
		4BD373642804181800141A29 /* SearchViewController.swift in Sources */ = {isa = PBXBuildFile; fileRef = 4BD373632804181800141A29 /* SearchViewController.swift */; };
		4BD3736828041B9300141A29 /* PullStreamingViewController.swift in Sources */ = {isa = PBXBuildFile; fileRef = 4BD3736728041B9300141A29 /* PullStreamingViewController.swift */; };
		4BD3736A28041BE200141A29 /* PullStreaming.storyboard in Resources */ = {isa = PBXBuildFile; fileRef = 4BD3736928041BE200141A29 /* PullStreaming.storyboard */; };
		4BDEC3492801F28000143E25 /* String+Extension.swift in Sources */ = {isa = PBXBuildFile; fileRef = 4BDEC3482801F28000143E25 /* String+Extension.swift */; };
		4BDEC34C28028B6F00143E25 /* HTTPClient.swift in Sources */ = {isa = PBXBuildFile; fileRef = 4BDEC34B28028B6F00143E25 /* HTTPClient.swift */; };
		4BE135282827BFF400214D34 /* splash_camera.json in Resources */ = {isa = PBXBuildFile; fileRef = 4BE135272827BFF400214D34 /* splash_camera.json */; };
		4BE1352A2827C01E00214D34 /* splash_map.json in Resources */ = {isa = PBXBuildFile; fileRef = 4BE135292827C01E00214D34 /* splash_map.json */; };
		4BE1352D2827C03000214D34 /* splash_airplane.json in Resources */ = {isa = PBXBuildFile; fileRef = 4BE1352B2827C03000214D34 /* splash_airplane.json */; };
		4BE1352E2827C03000214D34 /* splash_compass.json in Resources */ = {isa = PBXBuildFile; fileRef = 4BE1352C2827C03000214D34 /* splash_compass.json */; };
		4BE135342828368F00214D34 /* GoogleService-Info.plist in Resources */ = {isa = PBXBuildFile; fileRef = 4BE135332828368F00214D34 /* GoogleService-Info.plist */; };
		4BE135362828369700214D34 /* Secret.swift in Sources */ = {isa = PBXBuildFile; fileRef = 4BE135352828369700214D34 /* Secret.swift */; };
		4BEAF1BF281440950094B90E /* PlaceDataObject.swift in Sources */ = {isa = PBXBuildFile; fileRef = 4BEAF1BE281440950094B90E /* PlaceDataObject.swift */; };
		4BEAF1C1281468950094B90E /* UIView+Extension.swift in Sources */ = {isa = PBXBuildFile; fileRef = 4BEAF1C0281468950094B90E /* UIView+Extension.swift */; };
		4BEAF1C92814714A0094B90E /* PlaceEventViewTitleCell.swift in Sources */ = {isa = PBXBuildFile; fileRef = 4BEAF1C72814714A0094B90E /* PlaceEventViewTitleCell.swift */; };
		4BEAF1CA2814714A0094B90E /* PlaceEventViewTitleCell.xib in Resources */ = {isa = PBXBuildFile; fileRef = 4BEAF1C82814714A0094B90E /* PlaceEventViewTitleCell.xib */; };
		4BEAF1CD281471650094B90E /* PlaceEventViewLocationCell.swift in Sources */ = {isa = PBXBuildFile; fileRef = 4BEAF1CB281471650094B90E /* PlaceEventViewLocationCell.swift */; };
		4BEAF1CE281471650094B90E /* PlaceEventViewLocationCell.xib in Resources */ = {isa = PBXBuildFile; fileRef = 4BEAF1CC281471650094B90E /* PlaceEventViewLocationCell.xib */; };
		4BEAF1D1281471810094B90E /* PlaceEventViewContentCell.swift in Sources */ = {isa = PBXBuildFile; fileRef = 4BEAF1CF281471810094B90E /* PlaceEventViewContentCell.swift */; };
		4BEAF1D2281471810094B90E /* PlaceEventViewContentCell.xib in Resources */ = {isa = PBXBuildFile; fileRef = 4BEAF1D0281471810094B90E /* PlaceEventViewContentCell.xib */; };
		4BEAF1D5281471EF0094B90E /* PlaceEventViewReuseCell.swift in Sources */ = {isa = PBXBuildFile; fileRef = 4BEAF1D3281471EF0094B90E /* PlaceEventViewReuseCell.swift */; };
		4BEAF1D6281471EF0094B90E /* PlaceEventViewReuseCell.xib in Resources */ = {isa = PBXBuildFile; fileRef = 4BEAF1D4281471EF0094B90E /* PlaceEventViewReuseCell.xib */; };
		4BEAF1D9281473A60094B90E /* PlaceEventViewImageCell.swift in Sources */ = {isa = PBXBuildFile; fileRef = 4BEAF1D7281473A60094B90E /* PlaceEventViewImageCell.swift */; };
		4BEAF1DA281473A60094B90E /* PlaceEventViewImageCell.xib in Resources */ = {isa = PBXBuildFile; fileRef = 4BEAF1D8281473A60094B90E /* PlaceEventViewImageCell.xib */; };
		4BEAF1DC2814764B0094B90E /* MapDetailViewController.swift in Sources */ = {isa = PBXBuildFile; fileRef = 4BEAF1DB2814764B0094B90E /* MapDetailViewController.swift */; };
		4BEAF1DE281476BD0094B90E /* MapDetailViewController.storyboard in Resources */ = {isa = PBXBuildFile; fileRef = 4BEAF1DD281476BD0094B90E /* MapDetailViewController.storyboard */; };
		4BEC55A7281DA65B00126786 /* StringProtocol+Extension.swift in Sources */ = {isa = PBXBuildFile; fileRef = 4BEC55A6281DA65B00126786 /* StringProtocol+Extension.swift */; };
		4BEC55A9281DA7E600126786 /* String.Index+Extension.swift in Sources */ = {isa = PBXBuildFile; fileRef = 4BEC55A8281DA7E600126786 /* String.Index+Extension.swift */; };
		4BEC55AB281DA86100126786 /* Collection+Extension.swift in Sources */ = {isa = PBXBuildFile; fileRef = 4BEC55AA281DA86100126786 /* Collection+Extension.swift */; };
		4BEC55AF281E2D3D00126786 /* DetailViewController.storyboard in Resources */ = {isa = PBXBuildFile; fileRef = 4BEC55AE281E2D3D00126786 /* DetailViewController.storyboard */; };
		4BEFEF88281BA5100039F601 /* Success.json in Resources */ = {isa = PBXBuildFile; fileRef = 4BEFEF87281BA5100039F601 /* Success.json */; };
		4BEFEF8A281BA5630039F601 /* Fail.json in Resources */ = {isa = PBXBuildFile; fileRef = 4BEFEF89281BA5630039F601 /* Fail.json */; };
		4BEFEF8C281BA5EB0039F601 /* LottieAnimationManager.swift in Sources */ = {isa = PBXBuildFile; fileRef = 4BEFEF8B281BA5EB0039F601 /* LottieAnimationManager.swift */; };
		4BEFEF90281C56F90039F601 /* ImageLabelingManager.swift in Sources */ = {isa = PBXBuildFile; fileRef = 4BEFEF8F281C56F90039F601 /* ImageLabelingManager.swift */; };
		4BF82C97281520DE00635924 /* Assets.xcassets in Resources */ = {isa = PBXBuildFile; fileRef = 4BF82C96281520DD00635924 /* Assets.xcassets */; };
/* End PBXBuildFile section */

/* Begin PBXFileReference section */
		4B035A0A2812748200017762 /* UICollectionView+Extension.swift */ = {isa = PBXFileReference; lastKnownFileType = sourcecode.swift; path = "UICollectionView+Extension.swift"; sourceTree = "<group>"; };
		4B060CBB280BD3020055EDB2 /* GridLayout.swift */ = {isa = PBXFileReference; lastKnownFileType = sourcecode.swift; path = GridLayout.swift; sourceTree = "<group>"; };
		4B060CBF280C5DCA0055EDB2 /* ImageManager.swift */ = {isa = PBXFileReference; lastKnownFileType = sourcecode.swift; path = ImageManager.swift; sourceTree = "<group>"; };
		4B060CC1280C66580055EDB2 /* SearchCollectionViewCell.swift */ = {isa = PBXFileReference; lastKnownFileType = sourcecode.swift; path = SearchCollectionViewCell.swift; sourceTree = "<group>"; };
		4B12BAB62803CBDA0096359B /* GMSMarker+Extension.swift */ = {isa = PBXFileReference; lastKnownFileType = sourcecode.swift; path = "GMSMarker+Extension.swift"; sourceTree = "<group>"; };
		4B17A8542815BE080006BB2D /* ImageCell.swift */ = {isa = PBXFileReference; fileEncoding = 4; lastKnownFileType = sourcecode.swift; path = ImageCell.swift; sourceTree = "<group>"; };
		4B17A8562815BE220006BB2D /* ImageCell.xib */ = {isa = PBXFileReference; fileEncoding = 4; lastKnownFileType = file.xib; path = ImageCell.xib; sourceTree = "<group>"; };
		4B17A8572815BE230006BB2D /* TitleView.swift */ = {isa = PBXFileReference; fileEncoding = 4; lastKnownFileType = sourcecode.swift; path = TitleView.swift; sourceTree = "<group>"; };
		4B17A8582815BE230006BB2D /* TitleView.xib */ = {isa = PBXFileReference; fileEncoding = 4; lastKnownFileType = file.xib; path = TitleView.xib; sourceTree = "<group>"; };
		4B17A8852815C6880006BB2D /* DetailViewCommentCell.swift */ = {isa = PBXFileReference; fileEncoding = 4; lastKnownFileType = sourcecode.swift; path = DetailViewCommentCell.swift; sourceTree = "<group>"; };
		4B17A8862815C6880006BB2D /* DetailViewImageCell.swift */ = {isa = PBXFileReference; fileEncoding = 4; lastKnownFileType = sourcecode.swift; path = DetailViewImageCell.swift; sourceTree = "<group>"; };
		4B17A8872815C6880006BB2D /* DetailViewCommentCell.xib */ = {isa = PBXFileReference; fileEncoding = 4; lastKnownFileType = file.xib; path = DetailViewCommentCell.xib; sourceTree = "<group>"; };
		4B17A8882815C6880006BB2D /* DetailViewImageCell.xib */ = {isa = PBXFileReference; fileEncoding = 4; lastKnownFileType = file.xib; path = DetailViewImageCell.xib; sourceTree = "<group>"; };
		4B17A88D2815C6C60006BB2D /* ProfileCollectionCell.swift */ = {isa = PBXFileReference; fileEncoding = 4; lastKnownFileType = sourcecode.swift; path = ProfileCollectionCell.swift; sourceTree = "<group>"; };
		4B17A88E2815C6C60006BB2D /* ProfileHeader.swift */ = {isa = PBXFileReference; fileEncoding = 4; lastKnownFileType = sourcecode.swift; path = ProfileHeader.swift; sourceTree = "<group>"; };
		4B1950D62822767600B6A789 /* StretchyTableHeaderView.swift */ = {isa = PBXFileReference; lastKnownFileType = sourcecode.swift; path = StretchyTableHeaderView.swift; sourceTree = "<group>"; };
		4B1950D82824169300B6A789 /* Hearts moving.json */ = {isa = PBXFileReference; fileEncoding = 4; lastKnownFileType = text.json; path = "Hearts moving.json"; sourceTree = "<group>"; };
		4B1950DA282419EA00B6A789 /* Heart falling.json */ = {isa = PBXFileReference; fileEncoding = 4; lastKnownFileType = text.json; path = "Heart falling.json"; sourceTree = "<group>"; };
		4B1950DC282448FB00B6A789 /* loading.json */ = {isa = PBXFileReference; fileEncoding = 4; lastKnownFileType = text.json; path = loading.json; sourceTree = "<group>"; };
		4B1950E22826DB6200B6A789 /* WebViewController.swift */ = {isa = PBXFileReference; lastKnownFileType = sourcecode.swift; path = WebViewController.swift; sourceTree = "<group>"; };
		4B1950E42826E12600B6A789 /* UITapGestureRecognizer+Extension.swift */ = {isa = PBXFileReference; lastKnownFileType = sourcecode.swift; path = "UITapGestureRecognizer+Extension.swift"; sourceTree = "<group>"; };
		4B1950E62826EA6500B6A789 /* NSMutableAttributedString+Extension.swift */ = {isa = PBXFileReference; lastKnownFileType = sourcecode.swift; path = "NSMutableAttributedString+Extension.swift"; sourceTree = "<group>"; };
		4B1ED6242813BFB500674E6D /* ShareManager.swift */ = {isa = PBXFileReference; lastKnownFileType = sourcecode.swift; path = ShareManager.swift; sourceTree = "<group>"; };
		4B3AAAD52806BCB500CBFE89 /* Notification.Name+Extension.swift */ = {isa = PBXFileReference; lastKnownFileType = sourcecode.swift; path = "Notification.Name+Extension.swift"; sourceTree = "<group>"; };
		4B3AAAE528081CDD00CBFE89 /* EventViewController.swift */ = {isa = PBXFileReference; lastKnownFileType = sourcecode.swift; path = EventViewController.swift; sourceTree = "<group>"; };
		4B3AAAEC280825BB00CBFE89 /* EventDataObject.swift */ = {isa = PBXFileReference; lastKnownFileType = sourcecode.swift; path = EventDataObject.swift; sourceTree = "<group>"; };
		4B3AAAF0280873D400CBFE89 /* ProfileViewController.swift */ = {isa = PBXFileReference; lastKnownFileType = sourcecode.swift; path = ProfileViewController.swift; sourceTree = "<group>"; };
		4B3AAAF22808893E00CBFE89 /* PhotoVideoManager.swift */ = {isa = PBXFileReference; lastKnownFileType = sourcecode.swift; path = PhotoVideoManager.swift; sourceTree = "<group>"; };
		4B43FD912800AB2400B7085D /* UILabel+Extension.swift */ = {isa = PBXFileReference; lastKnownFileType = sourcecode.swift; path = "UILabel+Extension.swift"; sourceTree = "<group>"; };
		4B4AA43528028E7B0066C602 /* Constant.swift */ = {isa = PBXFileReference; lastKnownFileType = sourcecode.swift; path = Constant.swift; sourceTree = "<group>"; };
		4B4AA4372802928B0066C602 /* Bundle+Extension.swift */ = {isa = PBXFileReference; lastKnownFileType = sourcecode.swift; path = "Bundle+Extension.swift"; sourceTree = "<group>"; };
		4B4AA43A280294BE0066C602 /* Parser.swift */ = {isa = PBXFileReference; lastKnownFileType = sourcecode.swift; path = Parser.swift; sourceTree = "<group>"; };
		4B4AA43D280296470066C602 /* PushStreamingRequest.swift */ = {isa = PBXFileReference; lastKnownFileType = sourcecode.swift; path = PushStreamingRequest.swift; sourceTree = "<group>"; };
		4B4AA43F2802AC4B0066C602 /* PushStreamingProvider.swift */ = {isa = PBXFileReference; lastKnownFileType = sourcecode.swift; path = PushStreamingProvider.swift; sourceTree = "<group>"; };
		4B4AA4412802BF9A0066C602 /* PushStreamingBody.swift */ = {isa = PBXFileReference; lastKnownFileType = sourcecode.swift; path = PushStreamingBody.swift; sourceTree = "<group>"; };
		4B4BBF7628043E4700A53128 /* DataRequest.swift */ = {isa = PBXFileReference; lastKnownFileType = sourcecode.swift; path = DataRequest.swift; sourceTree = "<group>"; };
		4B503BF9281FBF1500E23942 /* UINavigationController+Extension.swift */ = {isa = PBXFileReference; lastKnownFileType = sourcecode.swift; path = "UINavigationController+Extension.swift"; sourceTree = "<group>"; };
		4B503BFD28203EFE00E23942 /* Heart break.json */ = {isa = PBXFileReference; fileEncoding = 4; lastKnownFileType = text.json; path = "Heart break.json"; sourceTree = "<group>"; };
		4B503BFF28203F1C00E23942 /* Live.json */ = {isa = PBXFileReference; fileEncoding = 4; lastKnownFileType = text.json; path = Live.json; sourceTree = "<group>"; };
		4B552B8A27FD28D600A304D6 /* LoginViewController.swift */ = {isa = PBXFileReference; lastKnownFileType = sourcecode.swift; path = LoginViewController.swift; sourceTree = "<group>"; };
		4B552B9427FD5C5900A304D6 /* NibOwnerLoadable.swift */ = {isa = PBXFileReference; lastKnownFileType = sourcecode.swift; path = NibOwnerLoadable.swift; sourceTree = "<group>"; };
		4B55B589280A6919005D9869 /* RecordManager.swift */ = {isa = PBXFileReference; lastKnownFileType = sourcecode.swift; path = RecordManager.swift; sourceTree = "<group>"; };
		4B5BC3DB282BA2910049B39C /* VideoWall.storyboard */ = {isa = PBXFileReference; lastKnownFileType = file.storyboard; path = VideoWall.storyboard; sourceTree = "<group>"; };
		4B5BC3DE282BA3D60049B39C /* VideoWallTableViewCell.swift */ = {isa = PBXFileReference; lastKnownFileType = sourcecode.swift; path = VideoWallTableViewCell.swift; sourceTree = "<group>"; };
		4B5BC3DF282BA3D60049B39C /* VideoWallTableViewCell.xib */ = {isa = PBXFileReference; lastKnownFileType = file.xib; path = VideoWallTableViewCell.xib; sourceTree = "<group>"; };
		4B5BC3E3282BA4F70049B39C /* ASVideoContainer.swift */ = {isa = PBXFileReference; lastKnownFileType = sourcecode.swift; path = ASVideoContainer.swift; sourceTree = "<group>"; };
		4B5BC3E5282BA56E0049B39C /* ASAutoPlayVideoLayerContainer.swift */ = {isa = PBXFileReference; lastKnownFileType = sourcecode.swift; path = ASAutoPlayVideoLayerContainer.swift; sourceTree = "<group>"; };
		4B5BC3E7282BA59E0049B39C /* ASVideoLayerObject.swift */ = {isa = PBXFileReference; lastKnownFileType = sourcecode.swift; path = ASVideoLayerObject.swift; sourceTree = "<group>"; };
		4B5BC3EA282BAB070049B39C /* VideoWallViewController.swift */ = {isa = PBXFileReference; lastKnownFileType = sourcecode.swift; path = VideoWallViewController.swift; sourceTree = "<group>"; };
		4B5BC3EC282C0CC20049B39C /* UIAlertController+Extension.swift */ = {isa = PBXFileReference; lastKnownFileType = sourcecode.swift; path = "UIAlertController+Extension.swift"; sourceTree = "<group>"; };
		4B6689662818E2F6003CA423 /* ProfilePropertyObject.swift */ = {isa = PBXFileReference; fileEncoding = 4; lastKnownFileType = sourcecode.swift; path = ProfilePropertyObject.swift; sourceTree = "<group>"; };
		4B6689672818E2F6003CA423 /* ProfileProvider.swift */ = {isa = PBXFileReference; fileEncoding = 4; lastKnownFileType = sourcecode.swift; path = ProfileProvider.swift; sourceTree = "<group>"; };
		4B6689682818E2F6003CA423 /* ProfileLikedObject.swift */ = {isa = PBXFileReference; fileEncoding = 4; lastKnownFileType = sourcecode.swift; path = ProfileLikedObject.swift; sourceTree = "<group>"; };
		4B6689692818E2F6003CA423 /* ProfileObject.swift */ = {isa = PBXFileReference; fileEncoding = 4; lastKnownFileType = sourcecode.swift; path = ProfileObject.swift; sourceTree = "<group>"; };
		4B66897D281A7299003CA423 /* ChangeButtonTintColor.swift */ = {isa = PBXFileReference; lastKnownFileType = sourcecode.swift; path = ChangeButtonTintColor.swift; sourceTree = "<group>"; };
		4B66E9452817B96C00BD62C6 /* EventCollectionViewController.swift */ = {isa = PBXFileReference; lastKnownFileType = sourcecode.swift; path = EventCollectionViewController.swift; sourceTree = "<group>"; };
		4B66E9472817BB0400BD62C6 /* EventCollectionViewCell.swift */ = {isa = PBXFileReference; lastKnownFileType = sourcecode.swift; path = EventCollectionViewCell.swift; sourceTree = "<group>"; };
		4B66E9482817BB0400BD62C6 /* EventCollectionViewCell.xib */ = {isa = PBXFileReference; lastKnownFileType = file.xib; path = EventCollectionViewCell.xib; sourceTree = "<group>"; };
		4B66E94B2817BC6400BD62C6 /* EventTableViewCell.swift */ = {isa = PBXFileReference; lastKnownFileType = sourcecode.swift; path = EventTableViewCell.swift; sourceTree = "<group>"; };
		4B66E94C2817BC6400BD62C6 /* EventTableViewCell.xib */ = {isa = PBXFileReference; lastKnownFileType = file.xib; path = EventTableViewCell.xib; sourceTree = "<group>"; };
		4B93F4FE27FE8ECF00C3C99B /* UIButton+Extension.swift */ = {isa = PBXFileReference; lastKnownFileType = sourcecode.swift; path = "UIButton+Extension.swift"; sourceTree = "<group>"; };
		4B9787FA280FEB490003CC9F /* CommentBody.swift */ = {isa = PBXFileReference; lastKnownFileType = sourcecode.swift; path = CommentBody.swift; sourceTree = "<group>"; };
		4B9787FC280FEFB90003CC9F /* CommentObject.swift */ = {isa = PBXFileReference; lastKnownFileType = sourcecode.swift; path = CommentObject.swift; sourceTree = "<group>"; };
		4B9788022810462B0003CC9F /* Date+Extension.swift */ = {isa = PBXFileReference; lastKnownFileType = sourcecode.swift; path = "Date+Extension.swift"; sourceTree = "<group>"; };
		4B978804281057280003CC9F /* LikeBody.swift */ = {isa = PBXFileReference; lastKnownFileType = sourcecode.swift; path = LikeBody.swift; sourceTree = "<group>"; };
		4B97880928106E660003CC9F /* ConvertQuery.swift */ = {isa = PBXFileReference; lastKnownFileType = sourcecode.swift; path = ConvertQuery.swift; sourceTree = "<group>"; };
		4B97880F2811C09F0003CC9F /* URL+Extension.swift */ = {isa = PBXFileReference; lastKnownFileType = sourcecode.swift; path = "URL+Extension.swift"; sourceTree = "<group>"; };
		4B9788122811C89E0003CC9F /* UniversalLinkManager.swift */ = {isa = PBXFileReference; lastKnownFileType = sourcecode.swift; path = UniversalLinkManager.swift; sourceTree = "<group>"; };
		4BA36582281AE34800A2E724 /* CropViewController.swift */ = {isa = PBXFileReference; lastKnownFileType = sourcecode.swift; path = CropViewController.swift; sourceTree = "<group>"; };
		4BA36584281AE37200A2E724 /* CircleCropView.swift */ = {isa = PBXFileReference; lastKnownFileType = sourcecode.swift; path = CircleCropView.swift; sourceTree = "<group>"; };
		4BA36586281AE45F00A2E724 /* ImagePicker.swift */ = {isa = PBXFileReference; lastKnownFileType = sourcecode.swift; path = ImagePicker.swift; sourceTree = "<group>"; };
		4BA36589281AEB6900A2E724 /* ConvertImageTOBase64.swift */ = {isa = PBXFileReference; lastKnownFileType = sourcecode.swift; path = ConvertImageTOBase64.swift; sourceTree = "<group>"; };
		4BA4ED5C2817139800B158CA /* NotificationManager.swift */ = {isa = PBXFileReference; lastKnownFileType = sourcecode.swift; path = NotificationManager.swift; sourceTree = "<group>"; };
		4BA4ED61281786C500B158CA /* UserData.swift */ = {isa = PBXFileReference; lastKnownFileType = sourcecode.swift; path = UserData.swift; sourceTree = "<group>"; };
		4BA5E391280E484B00D421D0 /* SearchDataProvider.swift */ = {isa = PBXFileReference; lastKnownFileType = sourcecode.swift; path = SearchDataProvider.swift; sourceTree = "<group>"; };
		4BA5E393280E49F600D421D0 /* SearchDataObject.swift */ = {isa = PBXFileReference; lastKnownFileType = sourcecode.swift; path = SearchDataObject.swift; sourceTree = "<group>"; };
		4BA5E395280E76CA00D421D0 /* iOSDevCenters+GIF.swift */ = {isa = PBXFileReference; lastKnownFileType = sourcecode.swift; path = "iOSDevCenters+GIF.swift"; sourceTree = "<group>"; };
		4BA5E3A8280E9FB400D421D0 /* DetailViewController.swift */ = {isa = PBXFileReference; lastKnownFileType = sourcecode.swift; path = DetailViewController.swift; sourceTree = "<group>"; };
		4BA5E3AA280EC4D500D421D0 /* UIImageView+Extension.swift */ = {isa = PBXFileReference; lastKnownFileType = sourcecode.swift; path = "UIImageView+Extension.swift"; sourceTree = "<group>"; };
		4BA5E3AC280F0FEA00D421D0 /* TravelLive.entitlements */ = {isa = PBXFileReference; lastKnownFileType = text.plist.entitlements; path = TravelLive.entitlements; sourceTree = "<group>"; };
		4BA5E3B1280F9D2900D421D0 /* ReportViewController.xib */ = {isa = PBXFileReference; lastKnownFileType = file.xib; path = ReportViewController.xib; sourceTree = "<group>"; };
		4BA5E3B5280FB10500D421D0 /* ReportBody.swift */ = {isa = PBXFileReference; lastKnownFileType = sourcecode.swift; path = ReportBody.swift; sourceTree = "<group>"; };
		4BA5E3B7280FB36200D421D0 /* DetailDataProvider.swift */ = {isa = PBXFileReference; lastKnownFileType = sourcecode.swift; path = DetailDataProvider.swift; sourceTree = "<group>"; };
		4BA5E3BB280FCEB100D421D0 /* CommentViewController.xib */ = {isa = PBXFileReference; lastKnownFileType = file.xib; path = CommentViewController.xib; sourceTree = "<group>"; };
		4BB5A92C280DAD6E00739C61 /* GIFManager.swift */ = {isa = PBXFileReference; lastKnownFileType = sourcecode.swift; path = GIFManager.swift; sourceTree = "<group>"; };
		4BB6AC0528045F5D0061EDDE /* MapDataProvider.swift */ = {isa = PBXFileReference; lastKnownFileType = sourcecode.swift; path = MapDataProvider.swift; sourceTree = "<group>"; };
		4BB6AC07280466380061EDDE /* StreamerDataObject.swift */ = {isa = PBXFileReference; lastKnownFileType = sourcecode.swift; path = StreamerDataObject.swift; sourceTree = "<group>"; };
		4BC0EE5E27FF327800C5673B /* MessageCell.swift */ = {isa = PBXFileReference; lastKnownFileType = sourcecode.swift; path = MessageCell.swift; sourceTree = "<group>"; };
		4BC0EE5F27FF327800C5673B /* MessageCell.xib */ = {isa = PBXFileReference; lastKnownFileType = file.xib; path = MessageCell.xib; sourceTree = "<group>"; };
		4BC0EE6227FFB90700C5673B /* UITableView+Extension.swift */ = {isa = PBXFileReference; lastKnownFileType = sourcecode.swift; path = "UITableView+Extension.swift"; sourceTree = "<group>"; };
		4BC0EE6428000A1E00C5673B /* Chat.storyboard */ = {isa = PBXFileReference; lastKnownFileType = file.storyboard; path = Chat.storyboard; sourceTree = "<group>"; };
		4BC0EE6728000B2000C5673B /* ChatViewController.swift */ = {isa = PBXFileReference; lastKnownFileType = sourcecode.swift; path = ChatViewController.swift; sourceTree = "<group>"; };
		4BC0EE6A28000D0800C5673B /* BaseViewController.swift */ = {isa = PBXFileReference; lastKnownFileType = sourcecode.swift; path = BaseViewController.swift; sourceTree = "<group>"; };
		4BC1073627FA9DD40017B1B7 /* TravelLive.app */ = {isa = PBXFileReference; explicitFileType = wrapper.application; includeInIndex = 0; path = TravelLive.app; sourceTree = BUILT_PRODUCTS_DIR; };
		4BC1073927FA9DD40017B1B7 /* AppDelegate.swift */ = {isa = PBXFileReference; lastKnownFileType = sourcecode.swift; path = AppDelegate.swift; sourceTree = "<group>"; };
		4BC1073B27FA9DD40017B1B7 /* SceneDelegate.swift */ = {isa = PBXFileReference; lastKnownFileType = sourcecode.swift; path = SceneDelegate.swift; sourceTree = "<group>"; };
		4BC1073D27FA9DD40017B1B7 /* STTabBarViewController.swift */ = {isa = PBXFileReference; lastKnownFileType = sourcecode.swift; path = STTabBarViewController.swift; sourceTree = "<group>"; };
		4BC1074027FA9DD40017B1B7 /* Base */ = {isa = PBXFileReference; lastKnownFileType = file.storyboard; name = Base; path = Base.lproj/Main.storyboard; sourceTree = "<group>"; };
		4BC1074527FA9DD60017B1B7 /* Base */ = {isa = PBXFileReference; lastKnownFileType = file.storyboard; name = Base; path = Base.lproj/LaunchScreen.storyboard; sourceTree = "<group>"; };
		4BC1074727FA9DD60017B1B7 /* Info.plist */ = {isa = PBXFileReference; lastKnownFileType = text.plist.xml; path = Info.plist; sourceTree = "<group>"; };
		4BC1075327FB470F0017B1B7 /* PushViewController.swift */ = {isa = PBXFileReference; lastKnownFileType = sourcecode.swift; path = PushViewController.swift; sourceTree = "<group>"; };
		4BC1075827FB4AE40017B1B7 /* PushStreaming.storyboard */ = {isa = PBXFileReference; lastKnownFileType = file.storyboard; path = PushStreaming.storyboard; sourceTree = "<group>"; };
		4BC1075C27FB51870017B1B7 /* UIStoryboard+Extension.swift */ = {isa = PBXFileReference; lastKnownFileType = sourcecode.swift; path = "UIStoryboard+Extension.swift"; sourceTree = "<group>"; };
		4BC1075E27FB560D0017B1B7 /* Map.storyboard */ = {isa = PBXFileReference; lastKnownFileType = file.storyboard; path = Map.storyboard; sourceTree = "<group>"; };
		4BC1076027FB56290017B1B7 /* Search.storyboard */ = {isa = PBXFileReference; lastKnownFileType = file.storyboard; path = Search.storyboard; sourceTree = "<group>"; };
		4BC1076427FB565F0017B1B7 /* Profile.storyboard */ = {isa = PBXFileReference; lastKnownFileType = file.storyboard; path = Profile.storyboard; sourceTree = "<group>"; };
		4BC1076627FB56790017B1B7 /* Event.storyboard */ = {isa = PBXFileReference; lastKnownFileType = file.storyboard; path = Event.storyboard; sourceTree = "<group>"; };
		4BC1076827FBF0390017B1B7 /* UIImage+Extension.swift */ = {isa = PBXFileReference; lastKnownFileType = sourcecode.swift; path = "UIImage+Extension.swift"; sourceTree = "<group>"; };
		4BC2BE4A27FBF848001FF31D /* UIScreen+Extension.swift */ = {isa = PBXFileReference; lastKnownFileType = sourcecode.swift; path = "UIScreen+Extension.swift"; sourceTree = "<group>"; };
		4BC2BE4C27FC0B19001FF31D /* UIColor+Extension.swift */ = {isa = PBXFileReference; lastKnownFileType = sourcecode.swift; path = "UIColor+Extension.swift"; sourceTree = "<group>"; };
		4BC2BE5127FC45F3001FF31D /* MapViewController.swift */ = {isa = PBXFileReference; lastKnownFileType = sourcecode.swift; path = MapViewController.swift; sourceTree = "<group>"; };
		4BD37360280415E400141A29 /* IJKMediaFramework.framework */ = {isa = PBXFileReference; lastKnownFileType = wrapper.framework; path = IJKMediaFramework.framework; sourceTree = "<group>"; };
		4BD373632804181800141A29 /* SearchViewController.swift */ = {isa = PBXFileReference; lastKnownFileType = sourcecode.swift; path = SearchViewController.swift; sourceTree = "<group>"; };
		4BD3736728041B9300141A29 /* PullStreamingViewController.swift */ = {isa = PBXFileReference; lastKnownFileType = sourcecode.swift; path = PullStreamingViewController.swift; sourceTree = "<group>"; };
		4BD3736928041BE200141A29 /* PullStreaming.storyboard */ = {isa = PBXFileReference; lastKnownFileType = file.storyboard; path = PullStreaming.storyboard; sourceTree = "<group>"; };
		4BDEC3482801F28000143E25 /* String+Extension.swift */ = {isa = PBXFileReference; lastKnownFileType = sourcecode.swift; path = "String+Extension.swift"; sourceTree = "<group>"; };
		4BDEC34B28028B6F00143E25 /* HTTPClient.swift */ = {isa = PBXFileReference; lastKnownFileType = sourcecode.swift; path = HTTPClient.swift; sourceTree = "<group>"; };
		4BE135272827BFF400214D34 /* splash_camera.json */ = {isa = PBXFileReference; fileEncoding = 4; lastKnownFileType = text.json; path = splash_camera.json; sourceTree = "<group>"; };
		4BE135292827C01E00214D34 /* splash_map.json */ = {isa = PBXFileReference; fileEncoding = 4; lastKnownFileType = text.json; path = splash_map.json; sourceTree = "<group>"; };
		4BE1352B2827C03000214D34 /* splash_airplane.json */ = {isa = PBXFileReference; fileEncoding = 4; lastKnownFileType = text.json; path = splash_airplane.json; sourceTree = "<group>"; };
		4BE1352C2827C03000214D34 /* splash_compass.json */ = {isa = PBXFileReference; fileEncoding = 4; lastKnownFileType = text.json; path = splash_compass.json; sourceTree = "<group>"; };
		4BE135332828368F00214D34 /* GoogleService-Info.plist */ = {isa = PBXFileReference; fileEncoding = 4; lastKnownFileType = text.plist.xml; path = "GoogleService-Info.plist"; sourceTree = "<group>"; };
		4BE135352828369700214D34 /* Secret.swift */ = {isa = PBXFileReference; fileEncoding = 4; lastKnownFileType = sourcecode.swift; path = Secret.swift; sourceTree = "<group>"; };
		4BEAF1BE281440950094B90E /* PlaceDataObject.swift */ = {isa = PBXFileReference; lastKnownFileType = sourcecode.swift; path = PlaceDataObject.swift; sourceTree = "<group>"; };
		4BEAF1C0281468950094B90E /* UIView+Extension.swift */ = {isa = PBXFileReference; lastKnownFileType = sourcecode.swift; path = "UIView+Extension.swift"; sourceTree = "<group>"; };
		4BEAF1C72814714A0094B90E /* PlaceEventViewTitleCell.swift */ = {isa = PBXFileReference; lastKnownFileType = sourcecode.swift; path = PlaceEventViewTitleCell.swift; sourceTree = "<group>"; };
		4BEAF1C82814714A0094B90E /* PlaceEventViewTitleCell.xib */ = {isa = PBXFileReference; lastKnownFileType = file.xib; path = PlaceEventViewTitleCell.xib; sourceTree = "<group>"; };
		4BEAF1CB281471650094B90E /* PlaceEventViewLocationCell.swift */ = {isa = PBXFileReference; lastKnownFileType = sourcecode.swift; path = PlaceEventViewLocationCell.swift; sourceTree = "<group>"; };
		4BEAF1CC281471650094B90E /* PlaceEventViewLocationCell.xib */ = {isa = PBXFileReference; lastKnownFileType = file.xib; path = PlaceEventViewLocationCell.xib; sourceTree = "<group>"; };
		4BEAF1CF281471810094B90E /* PlaceEventViewContentCell.swift */ = {isa = PBXFileReference; lastKnownFileType = sourcecode.swift; path = PlaceEventViewContentCell.swift; sourceTree = "<group>"; };
		4BEAF1D0281471810094B90E /* PlaceEventViewContentCell.xib */ = {isa = PBXFileReference; lastKnownFileType = file.xib; path = PlaceEventViewContentCell.xib; sourceTree = "<group>"; };
		4BEAF1D3281471EF0094B90E /* PlaceEventViewReuseCell.swift */ = {isa = PBXFileReference; lastKnownFileType = sourcecode.swift; path = PlaceEventViewReuseCell.swift; sourceTree = "<group>"; };
		4BEAF1D4281471EF0094B90E /* PlaceEventViewReuseCell.xib */ = {isa = PBXFileReference; lastKnownFileType = file.xib; path = PlaceEventViewReuseCell.xib; sourceTree = "<group>"; };
		4BEAF1D7281473A60094B90E /* PlaceEventViewImageCell.swift */ = {isa = PBXFileReference; lastKnownFileType = sourcecode.swift; path = PlaceEventViewImageCell.swift; sourceTree = "<group>"; };
		4BEAF1D8281473A60094B90E /* PlaceEventViewImageCell.xib */ = {isa = PBXFileReference; lastKnownFileType = file.xib; path = PlaceEventViewImageCell.xib; sourceTree = "<group>"; };
		4BEAF1DB2814764B0094B90E /* MapDetailViewController.swift */ = {isa = PBXFileReference; lastKnownFileType = sourcecode.swift; path = MapDetailViewController.swift; sourceTree = "<group>"; };
		4BEAF1DD281476BD0094B90E /* MapDetailViewController.storyboard */ = {isa = PBXFileReference; lastKnownFileType = file.storyboard; path = MapDetailViewController.storyboard; sourceTree = "<group>"; };
		4BEC55A6281DA65B00126786 /* StringProtocol+Extension.swift */ = {isa = PBXFileReference; lastKnownFileType = sourcecode.swift; path = "StringProtocol+Extension.swift"; sourceTree = "<group>"; };
		4BEC55A8281DA7E600126786 /* String.Index+Extension.swift */ = {isa = PBXFileReference; lastKnownFileType = sourcecode.swift; path = "String.Index+Extension.swift"; sourceTree = "<group>"; };
		4BEC55AA281DA86100126786 /* Collection+Extension.swift */ = {isa = PBXFileReference; lastKnownFileType = sourcecode.swift; path = "Collection+Extension.swift"; sourceTree = "<group>"; };
		4BEC55AE281E2D3D00126786 /* DetailViewController.storyboard */ = {isa = PBXFileReference; lastKnownFileType = file.storyboard; path = DetailViewController.storyboard; sourceTree = "<group>"; };
		4BEFEF87281BA5100039F601 /* Success.json */ = {isa = PBXFileReference; fileEncoding = 4; lastKnownFileType = text.json; path = Success.json; sourceTree = "<group>"; };
		4BEFEF89281BA5630039F601 /* Fail.json */ = {isa = PBXFileReference; fileEncoding = 4; lastKnownFileType = text.json; path = Fail.json; sourceTree = "<group>"; };
		4BEFEF8B281BA5EB0039F601 /* LottieAnimationManager.swift */ = {isa = PBXFileReference; lastKnownFileType = sourcecode.swift; path = LottieAnimationManager.swift; sourceTree = "<group>"; };
		4BEFEF8F281C56F90039F601 /* ImageLabelingManager.swift */ = {isa = PBXFileReference; lastKnownFileType = sourcecode.swift; path = ImageLabelingManager.swift; sourceTree = "<group>"; };
		4BF82C96281520DD00635924 /* Assets.xcassets */ = {isa = PBXFileReference; lastKnownFileType = folder.assetcatalog; path = Assets.xcassets; sourceTree = "<group>"; };
		68FED9196589F5A3DCFBDD4D /* Pods-TravelLive.release.xcconfig */ = {isa = PBXFileReference; includeInIndex = 1; lastKnownFileType = text.xcconfig; name = "Pods-TravelLive.release.xcconfig"; path = "Target Support Files/Pods-TravelLive/Pods-TravelLive.release.xcconfig"; sourceTree = "<group>"; };
		7058E26C63EAA7047446EE5B /* Pods_TravelLive.framework */ = {isa = PBXFileReference; explicitFileType = wrapper.framework; includeInIndex = 0; path = Pods_TravelLive.framework; sourceTree = BUILT_PRODUCTS_DIR; };
		B84252E6E16D9ACCFE58A916 /* Pods-TravelLive.debug.xcconfig */ = {isa = PBXFileReference; includeInIndex = 1; lastKnownFileType = text.xcconfig; name = "Pods-TravelLive.debug.xcconfig"; path = "Target Support Files/Pods-TravelLive/Pods-TravelLive.debug.xcconfig"; sourceTree = "<group>"; };
/* End PBXFileReference section */

/* Begin PBXFrameworksBuildPhase section */
		4BC1073327FA9DD40017B1B7 /* Frameworks */ = {
			isa = PBXFrameworksBuildPhase;
			buildActionMask = 2147483647;
			files = (
				4BD37361280415E400141A29 /* IJKMediaFramework.framework in Frameworks */,
				0951D3D245DBD86F0F3241C5 /* Pods_TravelLive.framework in Frameworks */,
			);
			runOnlyForDeploymentPostprocessing = 0;
		};
/* End PBXFrameworksBuildPhase section */

/* Begin PBXGroup section */
		4B0359F528125EC100017762 /* Profile */ = {
			isa = PBXGroup;
			children = (
				4BA36584281AE37200A2E724 /* CircleCropView.swift */,
				4B17A8562815BE220006BB2D /* ImageCell.xib */,
				4B17A8572815BE230006BB2D /* TitleView.swift */,
				4B17A88D2815C6C60006BB2D /* ProfileCollectionCell.swift */,
				4B17A88E2815C6C60006BB2D /* ProfileHeader.swift */,
				4B17A8582815BE230006BB2D /* TitleView.xib */,
				4B17A8542815BE080006BB2D /* ImageCell.swift */,
			);
			path = Profile;
			sourceTree = "<group>";
		};
		4B060CBA280BD2EA0055EDB2 /* Search */ = {
			isa = PBXGroup;
			children = (
				4B060CBB280BD3020055EDB2 /* GridLayout.swift */,
				4B060CC1280C66580055EDB2 /* SearchCollectionViewCell.swift */,
			);
			path = Search;
			sourceTree = "<group>";
		};
		4B3AAAE428081CC100CBFE89 /* Event */ = {
			isa = PBXGroup;
			children = (
				4B3AAAE528081CDD00CBFE89 /* EventViewController.swift */,
				4B66E9452817B96C00BD62C6 /* EventCollectionViewController.swift */,
				4B1950D62822767600B6A789 /* StretchyTableHeaderView.swift */,
			);
			path = Event;
			sourceTree = "<group>";
		};
		4B3AAAE72808230000CBFE89 /* Event */ = {
			isa = PBXGroup;
			children = (
				4B66E9472817BB0400BD62C6 /* EventCollectionViewCell.swift */,
				4B66E9482817BB0400BD62C6 /* EventCollectionViewCell.xib */,
				4B66E94B2817BC6400BD62C6 /* EventTableViewCell.swift */,
				4B66E94C2817BC6400BD62C6 /* EventTableViewCell.xib */,
			);
			path = Event;
			sourceTree = "<group>";
		};
		4B3AAAEE2808664F00CBFE89 /* Map */ = {
			isa = PBXGroup;
			children = (
				4B3AAAEC280825BB00CBFE89 /* EventDataObject.swift */,
				4BEAF1BE281440950094B90E /* PlaceDataObject.swift */,
			);
			path = Map;
			sourceTree = "<group>";
		};
		4B3AAAEF280873B400CBFE89 /* Profile */ = {
			isa = PBXGroup;
			children = (
				4B3AAAF0280873D400CBFE89 /* ProfileViewController.swift */,
				4BA36582281AE34800A2E724 /* CropViewController.swift */,
			);
			path = Profile;
			sourceTree = "<group>";
		};
		4B4AA439280294AF0066C602 /* Parser */ = {
			isa = PBXGroup;
			children = (
				4B4AA43A280294BE0066C602 /* Parser.swift */,
			);
			path = Parser;
			sourceTree = "<group>";
		};
		4B4AA43C280295B20066C602 /* PushStreaming */ = {
			isa = PBXGroup;
			children = (
				4B4AA43D280296470066C602 /* PushStreamingRequest.swift */,
				4B4AA43F2802AC4B0066C602 /* PushStreamingProvider.swift */,
				4B4AA4412802BF9A0066C602 /* PushStreamingBody.swift */,
			);
			path = PushStreaming;
			sourceTree = "<group>";
		};
		4B4BBF72280430FD00A53128 /* FireStore */ = {
			isa = PBXGroup;
			children = (
				4B3AAAF22808893E00CBFE89 /* PhotoVideoManager.swift */,
				4B060CBF280C5DCA0055EDB2 /* ImageManager.swift */,
			);
			path = FireStore;
			sourceTree = "<group>";
		};
		4B4BBF7528043DE700A53128 /* PullStreaming */ = {
			isa = PBXGroup;
			children = (
				4B4BBF7628043E4700A53128 /* DataRequest.swift */,
				4BB6AC0528045F5D0061EDDE /* MapDataProvider.swift */,
				4BB6AC07280466380061EDDE /* StreamerDataObject.swift */,
			);
			path = PullStreaming;
			sourceTree = "<group>";
		};
		4B552B8C27FD2A7A00A304D6 /* Login */ = {
			isa = PBXGroup;
			children = (
				4B552B8A27FD28D600A304D6 /* LoginViewController.swift */,
				4B1950E22826DB6200B6A789 /* WebViewController.swift */,
			);
			path = Login;
			sourceTree = "<group>";
		};
		4B552B9827FD6A4300A304D6 /* Protocal */ = {
			isa = PBXGroup;
			children = (
				4B552B9427FD5C5900A304D6 /* NibOwnerLoadable.swift */,
			);
			path = Protocal;
			sourceTree = "<group>";
		};
		4B55B588280A687C005D9869 /* Record */ = {
			isa = PBXGroup;
			children = (
				4B55B589280A6919005D9869 /* RecordManager.swift */,
			);
			path = Record;
			sourceTree = "<group>";
		};
		4B5BC3DD282BA3B10049B39C /* VideoWall */ = {
			isa = PBXGroup;
			children = (
				4B5BC3DE282BA3D60049B39C /* VideoWallTableViewCell.swift */,
				4B5BC3DF282BA3D60049B39C /* VideoWallTableViewCell.xib */,
			);
			path = VideoWall;
			sourceTree = "<group>";
		};
		4B5BC3E2282BA4D30049B39C /* VideoPlayerLibrary */ = {
			isa = PBXGroup;
			children = (
				4B5BC3E3282BA4F70049B39C /* ASVideoContainer.swift */,
				4B5BC3E5282BA56E0049B39C /* ASAutoPlayVideoLayerContainer.swift */,
				4B5BC3E7282BA59E0049B39C /* ASVideoLayerObject.swift */,
			);
			path = VideoPlayerLibrary;
			sourceTree = "<group>";
		};
		4B5BC3E9282BAADA0049B39C /* VideoWall */ = {
			isa = PBXGroup;
			children = (
				4B5BC3EA282BAB070049B39C /* VideoWallViewController.swift */,
			);
			path = VideoWall;
			sourceTree = "<group>";
		};
		4B6689652818E2AA003CA423 /* Profile */ = {
			isa = PBXGroup;
			children = (
				4B6689682818E2F6003CA423 /* ProfileLikedObject.swift */,
				4B6689692818E2F6003CA423 /* ProfileObject.swift */,
				4B6689662818E2F6003CA423 /* ProfilePropertyObject.swift */,
				4B6689672818E2F6003CA423 /* ProfileProvider.swift */,
				4BA36586281AE45F00A2E724 /* ImagePicker.swift */,
			);
			path = Profile;
			sourceTree = "<group>";
		};
		4B97880628105A440003CC9F /* LottieAnimation */ = {
			isa = PBXGroup;
			children = (
				4B503BFD28203EFE00E23942 /* Heart break.json */,
				4BEFEF87281BA5100039F601 /* Success.json */,
				4B1950DC282448FB00B6A789 /* loading.json */,
				4BEFEF89281BA5630039F601 /* Fail.json */,
				4B1950D82824169300B6A789 /* Hearts moving.json */,
				4BE135292827C01E00214D34 /* splash_map.json */,
				4BE135272827BFF400214D34 /* splash_camera.json */,
				4B1950DA282419EA00B6A789 /* Heart falling.json */,
				4BE1352B2827C03000214D34 /* splash_airplane.json */,
				4BE1352C2827C03000214D34 /* splash_compass.json */,
				4B503BFF28203F1C00E23942 /* Live.json */,
			);
			path = LottieAnimation;
			sourceTree = "<group>";
		};
		4B9788112811C8800003CC9F /* UniversalLink */ = {
			isa = PBXGroup;
			children = (
				4B9788122811C89E0003CC9F /* UniversalLinkManager.swift */,
				4B1ED6242813BFB500674E6D /* ShareManager.swift */,
			);
			path = UniversalLink;
			sourceTree = "<group>";
		};
		4BA36588281AEB3C00A2E724 /* Image */ = {
			isa = PBXGroup;
			children = (
				4BA36589281AEB6900A2E724 /* ConvertImageTOBase64.swift */,
				4BEFEF8F281C56F90039F601 /* ImageLabelingManager.swift */,
			);
			path = Image;
			sourceTree = "<group>";
		};
		4BA4ED5B2817136500B158CA /* Notification */ = {
			isa = PBXGroup;
			children = (
				4BA4ED5C2817139800B158CA /* NotificationManager.swift */,
			);
			path = Notification;
			sourceTree = "<group>";
		};
		4BA4ED5E281784A200B158CA /* Login */ = {
			isa = PBXGroup;
			children = (
				4BA4ED61281786C500B158CA /* UserData.swift */,
			);
			path = Login;
			sourceTree = "<group>";
		};
		4BA5E390280E482F00D421D0 /* Search */ = {
			isa = PBXGroup;
			children = (
				4BA5E391280E484B00D421D0 /* SearchDataProvider.swift */,
				4BA5E393280E49F600D421D0 /* SearchDataObject.swift */,
			);
			path = Search;
			sourceTree = "<group>";
		};
		4BA5E3A7280E9FA100D421D0 /* Detail */ = {
			isa = PBXGroup;
			children = (
				4BA5E3A8280E9FB400D421D0 /* DetailViewController.swift */,
			);
			path = Detail;
			sourceTree = "<group>";
		};
		4BA5E3B4280FB0E700D421D0 /* Detail */ = {
			isa = PBXGroup;
			children = (
				4BA5E3B5280FB10500D421D0 /* ReportBody.swift */,
				4BA5E3B7280FB36200D421D0 /* DetailDataProvider.swift */,
				4B9787FA280FEB490003CC9F /* CommentBody.swift */,
				4B9787FC280FEFB90003CC9F /* CommentObject.swift */,
				4B978804281057280003CC9F /* LikeBody.swift */,
				4B97880928106E660003CC9F /* ConvertQuery.swift */,
			);
			path = Detail;
			sourceTree = "<group>";
		};
		4BB5A92A280D693500739C61 /* Detail */ = {
			isa = PBXGroup;
			children = (
				4B17A8852815C6880006BB2D /* DetailViewCommentCell.swift */,
				4B17A8872815C6880006BB2D /* DetailViewCommentCell.xib */,
				4B17A8862815C6880006BB2D /* DetailViewImageCell.swift */,
				4B17A8882815C6880006BB2D /* DetailViewImageCell.xib */,
			);
			path = Detail;
			sourceTree = "<group>";
		};
		4BB5A92B280DAD3500739C61 /* GIF */ = {
			isa = PBXGroup;
			children = (
				4BB5A92C280DAD6E00739C61 /* GIFManager.swift */,
			);
			path = GIF;
			sourceTree = "<group>";
		};
		4BC0EE5D27FF325100C5673B /* Chat */ = {
			isa = PBXGroup;
			children = (
				4BC0EE5E27FF327800C5673B /* MessageCell.swift */,
				4BC0EE5F27FF327800C5673B /* MessageCell.xib */,
			);
			path = Chat;
			sourceTree = "<group>";
		};
		4BC0EE6628000B0700C5673B /* Chat */ = {
			isa = PBXGroup;
			children = (
				4BC0EE6728000B2000C5673B /* ChatViewController.swift */,
			);
			path = Chat;
			sourceTree = "<group>";
		};
		4BC0EE6928000C9600C5673B /* Base */ = {
			isa = PBXGroup;
			children = (
				4BC1073D27FA9DD40017B1B7 /* STTabBarViewController.swift */,
				4BC0EE6A28000D0800C5673B /* BaseViewController.swift */,
			);
			path = Base;
			sourceTree = "<group>";
		};
		4BC1072D27FA9DD40017B1B7 = {
			isa = PBXGroup;
			children = (
				4BD37360280415E400141A29 /* IJKMediaFramework.framework */,
				4BC1073827FA9DD40017B1B7 /* TravelLive */,
				4BC1073727FA9DD40017B1B7 /* Products */,
				7A913B85FE671E754022C81C /* Pods */,
				F260A1BD379FBECD95C7C18D /* Frameworks */,
			);
			sourceTree = "<group>";
		};
		4BC1073727FA9DD40017B1B7 /* Products */ = {
			isa = PBXGroup;
			children = (
				4BC1073627FA9DD40017B1B7 /* TravelLive.app */,
			);
			name = Products;
			sourceTree = "<group>";
		};
		4BC1073827FA9DD40017B1B7 /* TravelLive */ = {
			isa = PBXGroup;
			children = (
				4B97880628105A440003CC9F /* LottieAnimation */,
				4BA5E3AC280F0FEA00D421D0 /* TravelLive.entitlements */,
				4BE135332828368F00214D34 /* GoogleService-Info.plist */,
				4B552B9827FD6A4300A304D6 /* Protocal */,
				4BC1075B27FB4E8E0017B1B7 /* Extension */,
				4BC1075A27FB4E710017B1B7 /* Resource */,
				4BC1075027FB46430017B1B7 /* Model */,
				4BC1074F27FB45FC0017B1B7 /* Controller */,
				4BC1074E27FB45EE0017B1B7 /* View */,
				4BC1073927FA9DD40017B1B7 /* AppDelegate.swift */,
				4BC1073B27FA9DD40017B1B7 /* SceneDelegate.swift */,
				4BC1074427FA9DD60017B1B7 /* LaunchScreen.storyboard */,
				4BC1074727FA9DD60017B1B7 /* Info.plist */,
			);
			path = TravelLive;
			sourceTree = "<group>";
		};
		4BC1074E27FB45EE0017B1B7 /* View */ = {
			isa = PBXGroup;
			children = (
				4B5BC3DD282BA3B10049B39C /* VideoWall */,
				4BEAF1C6281471100094B90E /* Map */,
				4B0359F528125EC100017762 /* Profile */,
				4BB5A92A280D693500739C61 /* Detail */,
				4B060CBA280BD2EA0055EDB2 /* Search */,
				4B3AAAE72808230000CBFE89 /* Event */,
				4BC0EE5D27FF325100C5673B /* Chat */,
				4BC1075827FB4AE40017B1B7 /* PushStreaming.storyboard */,
				4BD3736928041BE200141A29 /* PullStreaming.storyboard */,
				4BC1073F27FA9DD40017B1B7 /* Main.storyboard */,
				4BC1075E27FB560D0017B1B7 /* Map.storyboard */,
				4BC1076027FB56290017B1B7 /* Search.storyboard */,
				4BC1076427FB565F0017B1B7 /* Profile.storyboard */,
				4BC1076627FB56790017B1B7 /* Event.storyboard */,
				4BA5E3B1280F9D2900D421D0 /* ReportViewController.xib */,
				4BC0EE6428000A1E00C5673B /* Chat.storyboard */,
				4BA5E3BB280FCEB100D421D0 /* CommentViewController.xib */,
				4BEAF1DD281476BD0094B90E /* MapDetailViewController.storyboard */,
				4BEC55AE281E2D3D00126786 /* DetailViewController.storyboard */,
				4B5BC3DB282BA2910049B39C /* VideoWall.storyboard */,
			);
			path = View;
			sourceTree = "<group>";
		};
		4BC1074F27FB45FC0017B1B7 /* Controller */ = {
			isa = PBXGroup;
			children = (
				4B5BC3E9282BAADA0049B39C /* VideoWall */,
				4BA5E3A7280E9FA100D421D0 /* Detail */,
				4B3AAAEF280873B400CBFE89 /* Profile */,
				4B3AAAE428081CC100CBFE89 /* Event */,
				4BD3736628041B6400141A29 /* PullStreaming */,
				4BD373622804180300141A29 /* Search */,
				4BC0EE6928000C9600C5673B /* Base */,
				4BC0EE6628000B0700C5673B /* Chat */,
				4B552B8C27FD2A7A00A304D6 /* Login */,
				4BC2BE5027FC45CC001FF31D /* Map */,
				4BC1075127FB46660017B1B7 /* PushStreaming */,
			);
			path = Controller;
			sourceTree = "<group>";
		};
		4BC1075027FB46430017B1B7 /* Model */ = {
			isa = PBXGroup;
			children = (
				4B5BC3E2282BA4D30049B39C /* VideoPlayerLibrary */,
				4BA36588281AEB3C00A2E724 /* Image */,
				4B6689652818E2AA003CA423 /* Profile */,
				4BA4ED5E281784A200B158CA /* Login */,
				4BA4ED5B2817136500B158CA /* Notification */,
				4B9788112811C8800003CC9F /* UniversalLink */,
				4BA5E3B4280FB0E700D421D0 /* Detail */,
				4BA5E390280E482F00D421D0 /* Search */,
				4BB5A92B280DAD3500739C61 /* GIF */,
				4B55B588280A687C005D9869 /* Record */,
				4B3AAAEE2808664F00CBFE89 /* Map */,
				4B4BBF7528043DE700A53128 /* PullStreaming */,
				4B4AA43C280295B20066C602 /* PushStreaming */,
				4B4BBF72280430FD00A53128 /* FireStore */,
				4B4AA439280294AF0066C602 /* Parser */,
				4BDEC34A28028B5400143E25 /* HTTP */,
			);
			path = Model;
			sourceTree = "<group>";
		};
		4BC1075127FB46660017B1B7 /* PushStreaming */ = {
			isa = PBXGroup;
			children = (
				4BC1075327FB470F0017B1B7 /* PushViewController.swift */,
			);
			path = PushStreaming;
			sourceTree = "<group>";
		};
		4BC1075A27FB4E710017B1B7 /* Resource */ = {
			isa = PBXGroup;
			children = (
				4BF82C96281520DD00635924 /* Assets.xcassets */,
				4BE135352828369700214D34 /* Secret.swift */,
				4B4AA43528028E7B0066C602 /* Constant.swift */,
			);
			path = Resource;
			sourceTree = "<group>";
		};
		4BC1075B27FB4E8E0017B1B7 /* Extension */ = {
			isa = PBXGroup;
			children = (
				4BC1075C27FB51870017B1B7 /* UIStoryboard+Extension.swift */,
				4BEC55AA281DA86100126786 /* Collection+Extension.swift */,
				4BEC55A6281DA65B00126786 /* StringProtocol+Extension.swift */,
				4BC1076827FBF0390017B1B7 /* UIImage+Extension.swift */,
				4BC2BE4A27FBF848001FF31D /* UIScreen+Extension.swift */,
				4BC2BE4C27FC0B19001FF31D /* UIColor+Extension.swift */,
				4B93F4FE27FE8ECF00C3C99B /* UIButton+Extension.swift */,
				4BC0EE6227FFB90700C5673B /* UITableView+Extension.swift */,
				4B43FD912800AB2400B7085D /* UILabel+Extension.swift */,
				4BDEC3482801F28000143E25 /* String+Extension.swift */,
				4B4AA4372802928B0066C602 /* Bundle+Extension.swift */,
				4B12BAB62803CBDA0096359B /* GMSMarker+Extension.swift */,
				4B3AAAD52806BCB500CBFE89 /* Notification.Name+Extension.swift */,
				4BA5E395280E76CA00D421D0 /* iOSDevCenters+GIF.swift */,
				4BA5E3AA280EC4D500D421D0 /* UIImageView+Extension.swift */,
				4B9788022810462B0003CC9F /* Date+Extension.swift */,
				4B97880F2811C09F0003CC9F /* URL+Extension.swift */,
				4B035A0A2812748200017762 /* UICollectionView+Extension.swift */,
				4BEAF1C0281468950094B90E /* UIView+Extension.swift */,
				4B66897D281A7299003CA423 /* ChangeButtonTintColor.swift */,
				4BEFEF8B281BA5EB0039F601 /* LottieAnimationManager.swift */,
				4BEC55A8281DA7E600126786 /* String.Index+Extension.swift */,
				4B503BF9281FBF1500E23942 /* UINavigationController+Extension.swift */,
				4B1950E42826E12600B6A789 /* UITapGestureRecognizer+Extension.swift */,
				4B1950E62826EA6500B6A789 /* NSMutableAttributedString+Extension.swift */,
				4B5BC3EC282C0CC20049B39C /* UIAlertController+Extension.swift */,
			);
			path = Extension;
			sourceTree = "<group>";
		};
		4BC2BE5027FC45CC001FF31D /* Map */ = {
			isa = PBXGroup;
			children = (
				4BC2BE5127FC45F3001FF31D /* MapViewController.swift */,
				4BEAF1DB2814764B0094B90E /* MapDetailViewController.swift */,
			);
			path = Map;
			sourceTree = "<group>";
		};
		4BD373622804180300141A29 /* Search */ = {
			isa = PBXGroup;
			children = (
				4BD373632804181800141A29 /* SearchViewController.swift */,
			);
			path = Search;
			sourceTree = "<group>";
		};
		4BD3736628041B6400141A29 /* PullStreaming */ = {
			isa = PBXGroup;
			children = (
				4BD3736728041B9300141A29 /* PullStreamingViewController.swift */,
			);
			path = PullStreaming;
			sourceTree = "<group>";
		};
		4BDEC34A28028B5400143E25 /* HTTP */ = {
			isa = PBXGroup;
			children = (
				4BDEC34B28028B6F00143E25 /* HTTPClient.swift */,
			);
			path = HTTP;
			sourceTree = "<group>";
		};
		4BEAF1C6281471100094B90E /* Map */ = {
			isa = PBXGroup;
			children = (
				4BEAF1C72814714A0094B90E /* PlaceEventViewTitleCell.swift */,
				4BEAF1C82814714A0094B90E /* PlaceEventViewTitleCell.xib */,
				4BEAF1CB281471650094B90E /* PlaceEventViewLocationCell.swift */,
				4BEAF1CC281471650094B90E /* PlaceEventViewLocationCell.xib */,
				4BEAF1CF281471810094B90E /* PlaceEventViewContentCell.swift */,
				4BEAF1D0281471810094B90E /* PlaceEventViewContentCell.xib */,
				4BEAF1D3281471EF0094B90E /* PlaceEventViewReuseCell.swift */,
				4BEAF1D4281471EF0094B90E /* PlaceEventViewReuseCell.xib */,
				4BEAF1D7281473A60094B90E /* PlaceEventViewImageCell.swift */,
				4BEAF1D8281473A60094B90E /* PlaceEventViewImageCell.xib */,
			);
			path = Map;
			sourceTree = "<group>";
		};
		7A913B85FE671E754022C81C /* Pods */ = {
			isa = PBXGroup;
			children = (
				B84252E6E16D9ACCFE58A916 /* Pods-TravelLive.debug.xcconfig */,
				68FED9196589F5A3DCFBDD4D /* Pods-TravelLive.release.xcconfig */,
			);
			path = Pods;
			sourceTree = "<group>";
		};
		F260A1BD379FBECD95C7C18D /* Frameworks */ = {
			isa = PBXGroup;
			children = (
				7058E26C63EAA7047446EE5B /* Pods_TravelLive.framework */,
			);
			name = Frameworks;
			sourceTree = "<group>";
		};
/* End PBXGroup section */

/* Begin PBXNativeTarget section */
		4BC1073527FA9DD40017B1B7 /* TravelLive */ = {
			isa = PBXNativeTarget;
			buildConfigurationList = 4BC1074A27FA9DD60017B1B7 /* Build configuration list for PBXNativeTarget "TravelLive" */;
			buildPhases = (
				013D243958700E4FB9818F2D /* [CP] Check Pods Manifest.lock */,
				4BC1073227FA9DD40017B1B7 /* Sources */,
				4BC1073327FA9DD40017B1B7 /* Frameworks */,
				4BC1073427FA9DD40017B1B7 /* Resources */,
				4B43FD932801237400B7085D /* SwiftLint */,
				E7CBD64A8872554ECC0BCEFF /* [CP] Embed Pods Frameworks */,
				1FD460EE720D8D07FB3F2582 /* [CP] Copy Pods Resources */,
				4B4B5EA12828FFEA00CF0AF7 /* ShellScript */,
			);
			buildRules = (
			);
			dependencies = (
			);
			name = TravelLive;
			productName = TravelLive;
			productReference = 4BC1073627FA9DD40017B1B7 /* TravelLive.app */;
			productType = "com.apple.product-type.application";
		};
/* End PBXNativeTarget section */

/* Begin PBXProject section */
		4BC1072E27FA9DD40017B1B7 /* Project object */ = {
			isa = PBXProject;
			attributes = {
				BuildIndependentTargetsInParallel = 1;
				LastSwiftUpdateCheck = 1320;
				LastUpgradeCheck = 1320;
				TargetAttributes = {
					4BC1073527FA9DD40017B1B7 = {
						CreatedOnToolsVersion = 13.2.1;
					};
				};
			};
			buildConfigurationList = 4BC1073127FA9DD40017B1B7 /* Build configuration list for PBXProject "TravelLive" */;
			compatibilityVersion = "Xcode 13.0";
			developmentRegion = en;
			hasScannedForEncodings = 0;
			knownRegions = (
				en,
				Base,
			);
			mainGroup = 4BC1072D27FA9DD40017B1B7;
			productRefGroup = 4BC1073727FA9DD40017B1B7 /* Products */;
			projectDirPath = "";
			projectRoot = "";
			targets = (
				4BC1073527FA9DD40017B1B7 /* TravelLive */,
			);
		};
/* End PBXProject section */

/* Begin PBXResourcesBuildPhase section */
		4BC1073427FA9DD40017B1B7 /* Resources */ = {
			isa = PBXResourcesBuildPhase;
			buildActionMask = 2147483647;
			files = (
				4B66E94E2817BC6500BD62C6 /* EventTableViewCell.xib in Resources */,
				4BEAF1CA2814714A0094B90E /* PlaceEventViewTitleCell.xib in Resources */,
				4BC1076727FB56790017B1B7 /* Event.storyboard in Resources */,
				4B1950DD282448FB00B6A789 /* loading.json in Resources */,
				4BC1074627FA9DD60017B1B7 /* LaunchScreen.storyboard in Resources */,
				4BA5E3BD280FCEB100D421D0 /* CommentViewController.xib in Resources */,
				4B17A88C2815C6880006BB2D /* DetailViewImageCell.xib in Resources */,
				4BEAF1DA281473A60094B90E /* PlaceEventViewImageCell.xib in Resources */,
				4BEAF1CE281471650094B90E /* PlaceEventViewLocationCell.xib in Resources */,
				4BD3736A28041BE200141A29 /* PullStreaming.storyboard in Resources */,
				4BA5E3B3280F9D2A00D421D0 /* ReportViewController.xib in Resources */,
				4BE135342828368F00214D34 /* GoogleService-Info.plist in Resources */,
				4BC1076527FB565F0017B1B7 /* Profile.storyboard in Resources */,
				4BC0EE6127FF327800C5673B /* MessageCell.xib in Resources */,
				4BEAF1D6281471EF0094B90E /* PlaceEventViewReuseCell.xib in Resources */,
				4B17A85B2815BE230006BB2D /* TitleView.xib in Resources */,
				4BEAF1D2281471810094B90E /* PlaceEventViewContentCell.xib in Resources */,
				4BF82C97281520DE00635924 /* Assets.xcassets in Resources */,
				4BE1352D2827C03000214D34 /* splash_airplane.json in Resources */,
				4BC0EE6528000A1F00C5673B /* Chat.storyboard in Resources */,
				4BEAF1DE281476BD0094B90E /* MapDetailViewController.storyboard in Resources */,
				4B5BC3E1282BA3D60049B39C /* VideoWallTableViewCell.xib in Resources */,
				4B66E94A2817BB0400BD62C6 /* EventCollectionViewCell.xib in Resources */,
				4BE135282827BFF400214D34 /* splash_camera.json in Resources */,
				4BC1075F27FB560D0017B1B7 /* Map.storyboard in Resources */,
				4BC1074127FA9DD40017B1B7 /* Main.storyboard in Resources */,
				4BC1076127FB56290017B1B7 /* Search.storyboard in Resources */,
				4B1950DB282419EA00B6A789 /* Heart falling.json in Resources */,
				4BC1075927FB4AE40017B1B7 /* PushStreaming.storyboard in Resources */,
				4B503C0028203F1C00E23942 /* Live.json in Resources */,
				4B17A8592815BE230006BB2D /* ImageCell.xib in Resources */,
				4BEC55AF281E2D3D00126786 /* DetailViewController.storyboard in Resources */,
				4BEFEF8A281BA5630039F601 /* Fail.json in Resources */,
				4B5BC3DC282BA2910049B39C /* VideoWall.storyboard in Resources */,
				4B503BFE28203EFE00E23942 /* Heart break.json in Resources */,
				4BE1352E2827C03000214D34 /* splash_compass.json in Resources */,
				4BEFEF88281BA5100039F601 /* Success.json in Resources */,
				4B17A88B2815C6880006BB2D /* DetailViewCommentCell.xib in Resources */,
				4B1950D92824169300B6A789 /* Hearts moving.json in Resources */,
				4BE1352A2827C01E00214D34 /* splash_map.json in Resources */,
			);
			runOnlyForDeploymentPostprocessing = 0;
		};
/* End PBXResourcesBuildPhase section */

/* Begin PBXShellScriptBuildPhase section */
		013D243958700E4FB9818F2D /* [CP] Check Pods Manifest.lock */ = {
			isa = PBXShellScriptBuildPhase;
			buildActionMask = 2147483647;
			files = (
			);
			inputFileListPaths = (
			);
			inputPaths = (
				"${PODS_PODFILE_DIR_PATH}/Podfile.lock",
				"${PODS_ROOT}/Manifest.lock",
			);
			name = "[CP] Check Pods Manifest.lock";
			outputFileListPaths = (
			);
			outputPaths = (
				"$(DERIVED_FILE_DIR)/Pods-TravelLive-checkManifestLockResult.txt",
			);
			runOnlyForDeploymentPostprocessing = 0;
			shellPath = /bin/sh;
			shellScript = "diff \"${PODS_PODFILE_DIR_PATH}/Podfile.lock\" \"${PODS_ROOT}/Manifest.lock\" > /dev/null\nif [ $? != 0 ] ; then\n    # print error to STDERR\n    echo \"error: The sandbox is not in sync with the Podfile.lock. Run 'pod install' or update your CocoaPods installation.\" >&2\n    exit 1\nfi\n# This output is used by Xcode 'outputs' to avoid re-running this script phase.\necho \"SUCCESS\" > \"${SCRIPT_OUTPUT_FILE_0}\"\n";
			showEnvVarsInLog = 0;
		};
		1FD460EE720D8D07FB3F2582 /* [CP] Copy Pods Resources */ = {
			isa = PBXShellScriptBuildPhase;
			buildActionMask = 2147483647;
			files = (
			);
			inputFileListPaths = (
				"${PODS_ROOT}/Target Support Files/Pods-TravelLive/Pods-TravelLive-resources-${CONFIGURATION}-input-files.xcfilelist",
			);
			name = "[CP] Copy Pods Resources";
			outputFileListPaths = (
				"${PODS_ROOT}/Target Support Files/Pods-TravelLive/Pods-TravelLive-resources-${CONFIGURATION}-output-files.xcfilelist",
			);
			runOnlyForDeploymentPostprocessing = 0;
			shellPath = /bin/sh;
			shellScript = "\"${PODS_ROOT}/Target Support Files/Pods-TravelLive/Pods-TravelLive-resources.sh\"\n";
			showEnvVarsInLog = 0;
		};
		4B43FD932801237400B7085D /* SwiftLint */ = {
			isa = PBXShellScriptBuildPhase;
			buildActionMask = 2147483647;
			files = (
			);
			inputFileListPaths = (
			);
			inputPaths = (
			);
			name = SwiftLint;
			outputFileListPaths = (
			);
			outputPaths = (
			);
			runOnlyForDeploymentPostprocessing = 0;
			shellPath = /bin/sh;
			shellScript = "# Type a script or drag a script file from your workspace to insert its path.\n\"${PODS_ROOT}/SwiftLint/swiftlint\"\n";
		};
		4B4B5EA12828FFEA00CF0AF7 /* ShellScript */ = {
			isa = PBXShellScriptBuildPhase;
			buildActionMask = 12;
			files = (
			);
			inputFileListPaths = (
			);
			inputPaths = (
				"$(SRCROOT)/${DWARF_DSYM_FOLDER_PATH}/${DWARF_DSYM_FILE_NAME}/Contents/Resources/DWARF/${TARGET_NAME}",
				"$(SRCROOT)/$(SRCROOT)/$(BUILT_PRODUCTS_DIR)/$(INFOPLIST_PATH)",
			);
			outputFileListPaths = (
			);
			outputPaths = (
			);
			runOnlyForDeploymentPostprocessing = 0;
			shellPath = /bin/sh;
			shellScript = "\"${PODS_ROOT}/FirebaseCrashlytics/run\"\n";
		};
		E7CBD64A8872554ECC0BCEFF /* [CP] Embed Pods Frameworks */ = {
			isa = PBXShellScriptBuildPhase;
			buildActionMask = 2147483647;
			files = (
			);
			inputFileListPaths = (
				"${PODS_ROOT}/Target Support Files/Pods-TravelLive/Pods-TravelLive-frameworks-${CONFIGURATION}-input-files.xcfilelist",
			);
			name = "[CP] Embed Pods Frameworks";
			outputFileListPaths = (
				"${PODS_ROOT}/Target Support Files/Pods-TravelLive/Pods-TravelLive-frameworks-${CONFIGURATION}-output-files.xcfilelist",
			);
			runOnlyForDeploymentPostprocessing = 0;
			shellPath = /bin/sh;
			shellScript = "\"${PODS_ROOT}/Target Support Files/Pods-TravelLive/Pods-TravelLive-frameworks.sh\"\n";
			showEnvVarsInLog = 0;
		};
/* End PBXShellScriptBuildPhase section */

/* Begin PBXSourcesBuildPhase section */
		4BC1073227FA9DD40017B1B7 /* Sources */ = {
			isa = PBXSourcesBuildPhase;
			buildActionMask = 2147483647;
			files = (
				4B5BC3EB282BAB070049B39C /* VideoWallViewController.swift in Sources */,
				4BEAF1C1281468950094B90E /* UIView+Extension.swift in Sources */,
				4BA5E3B6280FB10600D421D0 /* ReportBody.swift in Sources */,
				4BEC55AB281DA86100126786 /* Collection+Extension.swift in Sources */,
				4B1950E52826E12700B6A789 /* UITapGestureRecognizer+Extension.swift in Sources */,
				4BD3736828041B9300141A29 /* PullStreamingViewController.swift in Sources */,
				4BC1073E27FA9DD40017B1B7 /* STTabBarViewController.swift in Sources */,
				4BEAF1DC2814764B0094B90E /* MapDetailViewController.swift in Sources */,
				4B4AA4402802AC4B0066C602 /* PushStreamingProvider.swift in Sources */,
				4B4AA4422802BF9A0066C602 /* PushStreamingBody.swift in Sources */,
				4BDEC3492801F28000143E25 /* String+Extension.swift in Sources */,
				4B3AAAE628081CDD00CBFE89 /* EventViewController.swift in Sources */,
				4BEAF1D1281471810094B90E /* PlaceEventViewContentCell.swift in Sources */,
				4BEFEF8C281BA5EB0039F601 /* LottieAnimationManager.swift in Sources */,
				4BE135362828369700214D34 /* Secret.swift in Sources */,
				4B978805281057280003CC9F /* LikeBody.swift in Sources */,
				4B4BBF7728043E4700A53128 /* DataRequest.swift in Sources */,
				4BA4ED62281786C500B158CA /* UserData.swift in Sources */,
				4B17A85A2815BE230006BB2D /* TitleView.swift in Sources */,
				4B1950D72822767600B6A789 /* StretchyTableHeaderView.swift in Sources */,
				4B552B9527FD5C5900A304D6 /* NibOwnerLoadable.swift in Sources */,
				4B035A0B2812748200017762 /* UICollectionView+Extension.swift in Sources */,
				4BA3658A281AEB6900A2E724 /* ConvertImageTOBase64.swift in Sources */,
				4BC1073A27FA9DD40017B1B7 /* AppDelegate.swift in Sources */,
				4B66E9462817B96C00BD62C6 /* EventCollectionViewController.swift in Sources */,
				4BB6AC08280466380061EDDE /* StreamerDataObject.swift in Sources */,
				4BEC55A7281DA65B00126786 /* StringProtocol+Extension.swift in Sources */,
				4B5BC3E8282BA59E0049B39C /* ASVideoLayerObject.swift in Sources */,
				4BC1075427FB470F0017B1B7 /* PushViewController.swift in Sources */,
				4BA4ED5D2817139800B158CA /* NotificationManager.swift in Sources */,
				4B55B58A280A6919005D9869 /* RecordManager.swift in Sources */,
				4BA5E3B8280FB36300D421D0 /* DetailDataProvider.swift in Sources */,
				4B1950E72826EA6600B6A789 /* NSMutableAttributedString+Extension.swift in Sources */,
				4BC2BE5227FC45F3001FF31D /* MapViewController.swift in Sources */,
				4B3AAAF32808893F00CBFE89 /* PhotoVideoManager.swift in Sources */,
				4B060CBC280BD3020055EDB2 /* GridLayout.swift in Sources */,
				4B17A8902815C6C60006BB2D /* ProfileHeader.swift in Sources */,
				4B17A8892815C6880006BB2D /* DetailViewCommentCell.swift in Sources */,
				4BA36587281AE45F00A2E724 /* ImagePicker.swift in Sources */,
				4BC0EE6B28000D0800C5673B /* BaseViewController.swift in Sources */,
				4B66896A2818E2F6003CA423 /* ProfilePropertyObject.swift in Sources */,
				4BA36585281AE37200A2E724 /* CircleCropView.swift in Sources */,
				4BC1076927FBF0390017B1B7 /* UIImage+Extension.swift in Sources */,
				4B1950E32826DB6200B6A789 /* WebViewController.swift in Sources */,
				4BC1073C27FA9DD40017B1B7 /* SceneDelegate.swift in Sources */,
				4B9788102811C09F0003CC9F /* URL+Extension.swift in Sources */,
				4BEAF1BF281440950094B90E /* PlaceDataObject.swift in Sources */,
				4B9787FD280FEFB90003CC9F /* CommentObject.swift in Sources */,
				4B4AA4382802928B0066C602 /* Bundle+Extension.swift in Sources */,
				4B66896B2818E2F6003CA423 /* ProfileProvider.swift in Sources */,
				4B66896C2818E2F6003CA423 /* ProfileLikedObject.swift in Sources */,
				4B43FD922800AB2400B7085D /* UILabel+Extension.swift in Sources */,
				4BC1075D27FB51870017B1B7 /* UIStoryboard+Extension.swift in Sources */,
				4BA5E396280E76CA00D421D0 /* iOSDevCenters+GIF.swift in Sources */,
				4BA5E394280E49F600D421D0 /* SearchDataObject.swift in Sources */,
				4BEC55A9281DA7E600126786 /* String.Index+Extension.swift in Sources */,
				4BC2BE4B27FBF848001FF31D /* UIScreen+Extension.swift in Sources */,
				4B3AAAF1280873D400CBFE89 /* ProfileViewController.swift in Sources */,
				4BC0EE6828000B2000C5673B /* ChatViewController.swift in Sources */,
				4BC0EE6027FF327800C5673B /* MessageCell.swift in Sources */,
				4B66E9492817BB0400BD62C6 /* EventCollectionViewCell.swift in Sources */,
				4B3AAAED280825BB00CBFE89 /* EventDataObject.swift in Sources */,
				4B9787FB280FEB490003CC9F /* CommentBody.swift in Sources */,
				4B9788132811C89E0003CC9F /* UniversalLinkManager.swift in Sources */,
				4B060CC0280C5DCA0055EDB2 /* ImageManager.swift in Sources */,
				4BC2BE4D27FC0B19001FF31D /* UIColor+Extension.swift in Sources */,
				4B17A88F2815C6C60006BB2D /* ProfileCollectionCell.swift in Sources */,
				4B4AA43E280296470066C602 /* PushStreamingRequest.swift in Sources */,
				4B12BAB72803CBDB0096359B /* GMSMarker+Extension.swift in Sources */,
				4B17A8552815BE080006BB2D /* ImageCell.swift in Sources */,
				4B5BC3ED282C0CC20049B39C /* UIAlertController+Extension.swift in Sources */,
				4B9788032810462B0003CC9F /* Date+Extension.swift in Sources */,
				4B66896D2818E2F6003CA423 /* ProfileObject.swift in Sources */,
				4BA5E3A9280E9FB400D421D0 /* DetailViewController.swift in Sources */,
				4B66E94D2817BC6400BD62C6 /* EventTableViewCell.swift in Sources */,
				4BDEC34C28028B6F00143E25 /* HTTPClient.swift in Sources */,
				4B552B8B27FD28D600A304D6 /* LoginViewController.swift in Sources */,
				4B4AA43B280294BE0066C602 /* Parser.swift in Sources */,
				4BEFEF90281C56F90039F601 /* ImageLabelingManager.swift in Sources */,
				4BA36583281AE34800A2E724 /* CropViewController.swift in Sources */,
				4BB5A92D280DAD6E00739C61 /* GIFManager.swift in Sources */,
				4B3AAAD62806BCB500CBFE89 /* Notification.Name+Extension.swift in Sources */,
				4B66897E281A7299003CA423 /* ChangeButtonTintColor.swift in Sources */,
				4B4AA43628028E7B0066C602 /* Constant.swift in Sources */,
				4BB6AC0628045F5D0061EDDE /* MapDataProvider.swift in Sources */,
				4B93F4FF27FE8ECF00C3C99B /* UIButton+Extension.swift in Sources */,
				4BEAF1C92814714A0094B90E /* PlaceEventViewTitleCell.swift in Sources */,
				4BEAF1D9281473A60094B90E /* PlaceEventViewImageCell.swift in Sources */,
				4BA5E3AB280EC4D600D421D0 /* UIImageView+Extension.swift in Sources */,
				4BC0EE6327FFB90700C5673B /* UITableView+Extension.swift in Sources */,
				4B5BC3E6282BA56E0049B39C /* ASAutoPlayVideoLayerContainer.swift in Sources */,
				4B5BC3E4282BA4F70049B39C /* ASVideoContainer.swift in Sources */,
				4BEAF1D5281471EF0094B90E /* PlaceEventViewReuseCell.swift in Sources */,
				4B503BFA281FBF1500E23942 /* UINavigationController+Extension.swift in Sources */,
				4BA5E392280E484B00D421D0 /* SearchDataProvider.swift in Sources */,
				4B1ED6252813BFB500674E6D /* ShareManager.swift in Sources */,
				4BD373642804181800141A29 /* SearchViewController.swift in Sources */,
				4B060CC2280C66590055EDB2 /* SearchCollectionViewCell.swift in Sources */,
				4B17A88A2815C6880006BB2D /* DetailViewImageCell.swift in Sources */,
				4B97880A28106E660003CC9F /* ConvertQuery.swift in Sources */,
				4BEAF1CD281471650094B90E /* PlaceEventViewLocationCell.swift in Sources */,
				4B5BC3E0282BA3D60049B39C /* VideoWallTableViewCell.swift in Sources */,
			);
			runOnlyForDeploymentPostprocessing = 0;
		};
/* End PBXSourcesBuildPhase section */

/* Begin PBXVariantGroup section */
		4BC1073F27FA9DD40017B1B7 /* Main.storyboard */ = {
			isa = PBXVariantGroup;
			children = (
				4BC1074027FA9DD40017B1B7 /* Base */,
			);
			name = Main.storyboard;
			sourceTree = "<group>";
			usesTabs = 0;
		};
		4BC1074427FA9DD60017B1B7 /* LaunchScreen.storyboard */ = {
			isa = PBXVariantGroup;
			children = (
				4BC1074527FA9DD60017B1B7 /* Base */,
			);
			name = LaunchScreen.storyboard;
			sourceTree = "<group>";
		};
/* End PBXVariantGroup section */

/* Begin XCBuildConfiguration section */
		4BC1074827FA9DD60017B1B7 /* Debug */ = {
			isa = XCBuildConfiguration;
			buildSettings = {
				ALWAYS_SEARCH_USER_PATHS = NO;
				CLANG_ANALYZER_NONNULL = YES;
				CLANG_ANALYZER_NUMBER_OBJECT_CONVERSION = YES_AGGRESSIVE;
				CLANG_CXX_LANGUAGE_STANDARD = "gnu++17";
				CLANG_CXX_LIBRARY = "libc++";
				CLANG_ENABLE_MODULES = YES;
				CLANG_ENABLE_OBJC_ARC = YES;
				CLANG_ENABLE_OBJC_WEAK = YES;
				CLANG_WARN_BLOCK_CAPTURE_AUTORELEASING = YES;
				CLANG_WARN_BOOL_CONVERSION = YES;
				CLANG_WARN_COMMA = YES;
				CLANG_WARN_CONSTANT_CONVERSION = YES;
				CLANG_WARN_DEPRECATED_OBJC_IMPLEMENTATIONS = YES;
				CLANG_WARN_DIRECT_OBJC_ISA_USAGE = YES_ERROR;
				CLANG_WARN_DOCUMENTATION_COMMENTS = YES;
				CLANG_WARN_EMPTY_BODY = YES;
				CLANG_WARN_ENUM_CONVERSION = YES;
				CLANG_WARN_INFINITE_RECURSION = YES;
				CLANG_WARN_INT_CONVERSION = YES;
				CLANG_WARN_NON_LITERAL_NULL_CONVERSION = YES;
				CLANG_WARN_OBJC_IMPLICIT_RETAIN_SELF = YES;
				CLANG_WARN_OBJC_LITERAL_CONVERSION = YES;
				CLANG_WARN_OBJC_ROOT_CLASS = YES_ERROR;
				CLANG_WARN_QUOTED_INCLUDE_IN_FRAMEWORK_HEADER = YES;
				CLANG_WARN_RANGE_LOOP_ANALYSIS = YES;
				CLANG_WARN_STRICT_PROTOTYPES = YES;
				CLANG_WARN_SUSPICIOUS_MOVE = YES;
				CLANG_WARN_UNGUARDED_AVAILABILITY = YES_AGGRESSIVE;
				CLANG_WARN_UNREACHABLE_CODE = YES;
				CLANG_WARN__DUPLICATE_METHOD_MATCH = YES;
				COPY_PHASE_STRIP = NO;
				DEBUG_INFORMATION_FORMAT = dwarf;
				ENABLE_STRICT_OBJC_MSGSEND = YES;
				ENABLE_TESTABILITY = YES;
				"EXCLUDED_ARCHS[sdk=iphonesimulator*]" = arm64;
				GCC_C_LANGUAGE_STANDARD = gnu11;
				GCC_DYNAMIC_NO_PIC = NO;
				GCC_NO_COMMON_BLOCKS = YES;
				GCC_OPTIMIZATION_LEVEL = 0;
				GCC_PREPROCESSOR_DEFINITIONS = (
					"DEBUG=1",
					"$(inherited)",
				);
				GCC_WARN_64_TO_32_BIT_CONVERSION = YES;
				GCC_WARN_ABOUT_RETURN_TYPE = YES_ERROR;
				GCC_WARN_UNDECLARED_SELECTOR = YES;
				GCC_WARN_UNINITIALIZED_AUTOS = YES_AGGRESSIVE;
				GCC_WARN_UNUSED_FUNCTION = YES;
				GCC_WARN_UNUSED_VARIABLE = YES;
				IPHONEOS_DEPLOYMENT_TARGET = 13.0;
				MTL_ENABLE_DEBUG_INFO = INCLUDE_SOURCE;
				MTL_FAST_MATH = YES;
				ONLY_ACTIVE_ARCH = YES;
				SDKROOT = iphoneos;
				SWIFT_ACTIVE_COMPILATION_CONDITIONS = DEBUG;
				SWIFT_OPTIMIZATION_LEVEL = "-Onone";
			};
			name = Debug;
		};
		4BC1074927FA9DD60017B1B7 /* Release */ = {
			isa = XCBuildConfiguration;
			buildSettings = {
				ALWAYS_SEARCH_USER_PATHS = NO;
				CLANG_ANALYZER_NONNULL = YES;
				CLANG_ANALYZER_NUMBER_OBJECT_CONVERSION = YES_AGGRESSIVE;
				CLANG_CXX_LANGUAGE_STANDARD = "gnu++17";
				CLANG_CXX_LIBRARY = "libc++";
				CLANG_ENABLE_MODULES = YES;
				CLANG_ENABLE_OBJC_ARC = YES;
				CLANG_ENABLE_OBJC_WEAK = YES;
				CLANG_WARN_BLOCK_CAPTURE_AUTORELEASING = YES;
				CLANG_WARN_BOOL_CONVERSION = YES;
				CLANG_WARN_COMMA = YES;
				CLANG_WARN_CONSTANT_CONVERSION = YES;
				CLANG_WARN_DEPRECATED_OBJC_IMPLEMENTATIONS = YES;
				CLANG_WARN_DIRECT_OBJC_ISA_USAGE = YES_ERROR;
				CLANG_WARN_DOCUMENTATION_COMMENTS = YES;
				CLANG_WARN_EMPTY_BODY = YES;
				CLANG_WARN_ENUM_CONVERSION = YES;
				CLANG_WARN_INFINITE_RECURSION = YES;
				CLANG_WARN_INT_CONVERSION = YES;
				CLANG_WARN_NON_LITERAL_NULL_CONVERSION = YES;
				CLANG_WARN_OBJC_IMPLICIT_RETAIN_SELF = YES;
				CLANG_WARN_OBJC_LITERAL_CONVERSION = YES;
				CLANG_WARN_OBJC_ROOT_CLASS = YES_ERROR;
				CLANG_WARN_QUOTED_INCLUDE_IN_FRAMEWORK_HEADER = YES;
				CLANG_WARN_RANGE_LOOP_ANALYSIS = YES;
				CLANG_WARN_STRICT_PROTOTYPES = YES;
				CLANG_WARN_SUSPICIOUS_MOVE = YES;
				CLANG_WARN_UNGUARDED_AVAILABILITY = YES_AGGRESSIVE;
				CLANG_WARN_UNREACHABLE_CODE = YES;
				CLANG_WARN__DUPLICATE_METHOD_MATCH = YES;
				COPY_PHASE_STRIP = NO;
				DEBUG_INFORMATION_FORMAT = "dwarf-with-dsym";
				ENABLE_NS_ASSERTIONS = NO;
				ENABLE_STRICT_OBJC_MSGSEND = YES;
				GCC_C_LANGUAGE_STANDARD = gnu11;
				GCC_NO_COMMON_BLOCKS = YES;
				GCC_WARN_64_TO_32_BIT_CONVERSION = YES;
				GCC_WARN_ABOUT_RETURN_TYPE = YES_ERROR;
				GCC_WARN_UNDECLARED_SELECTOR = YES;
				GCC_WARN_UNINITIALIZED_AUTOS = YES_AGGRESSIVE;
				GCC_WARN_UNUSED_FUNCTION = YES;
				GCC_WARN_UNUSED_VARIABLE = YES;
				IPHONEOS_DEPLOYMENT_TARGET = 13.0;
				MTL_ENABLE_DEBUG_INFO = NO;
				MTL_FAST_MATH = YES;
				SDKROOT = iphoneos;
				SWIFT_COMPILATION_MODE = wholemodule;
				SWIFT_OPTIMIZATION_LEVEL = "-O";
				VALIDATE_PRODUCT = YES;
			};
			name = Release;
		};
		4BC1074B27FA9DD60017B1B7 /* Debug */ = {
			isa = XCBuildConfiguration;
			baseConfigurationReference = B84252E6E16D9ACCFE58A916 /* Pods-TravelLive.debug.xcconfig */;
			buildSettings = {
				ASSETCATALOG_COMPILER_APPICON_NAME = AppIcon;
				ASSETCATALOG_COMPILER_GLOBAL_ACCENT_COLOR_NAME = AccentColor;
				CODE_SIGN_ENTITLEMENTS = TravelLive/TravelLive.entitlements;
				CODE_SIGN_STYLE = Automatic;
				CURRENT_PROJECT_VERSION = 1;
				DEBUG_INFORMATION_FORMAT = "dwarf-with-dsym";
				DEVELOPMENT_TEAM = KKSLT7KN48;
				ENABLE_BITCODE = NO;
				FRAMEWORK_SEARCH_PATHS = (
					"$(inherited)",
					"$(PROJECT_DIR)",
				);
				GENERATE_INFOPLIST_FILE = YES;
				INFOPLIST_FILE = TravelLive/Info.plist;
				INFOPLIST_KEY_NSCameraUsageDescription = "TravelLive想要獲得您的相機，來進行直播、錄影";
				INFOPLIST_KEY_NSLocationUsageDescription = "TravelLive需要您的地理位置，來進行定位、以及推薦景點和活動";
				INFOPLIST_KEY_NSLocationWhenInUseUsageDescription = "TravelLive需要您的地理位置，來進行定位、以及推薦景點和活動";
				INFOPLIST_KEY_NSMicrophoneUsageDescription = "TravelLive需要啟用您的麥克風，來進行直播";
				INFOPLIST_KEY_NSPhotoLibraryUsageDescription = "TravelLive需要啟用您的照片庫，用來上傳頭像和上傳圖片影片";
				INFOPLIST_KEY_NSSpeechRecognitionUsageDescription = "TravelLive需要啟用您的語音識別，來呈現直播間字幕";
				INFOPLIST_KEY_UIApplicationSupportsIndirectInputEvents = YES;
				INFOPLIST_KEY_UILaunchStoryboardName = LaunchScreen;
				INFOPLIST_KEY_UIMainStoryboardFile = Main;
				INFOPLIST_KEY_UIRequiresFullScreen = YES;
				INFOPLIST_KEY_UISupportedInterfaceOrientations = UIInterfaceOrientationPortrait;
				INFOPLIST_KEY_UISupportedInterfaceOrientations_iPad = "UIInterfaceOrientationPortrait UIInterfaceOrientationPortraitUpsideDown UIInterfaceOrientationPortraitUpsideDown UIInterfaceOrientationPortrait";
				INFOPLIST_KEY_UISupportedInterfaceOrientations_iPhone = "UIInterfaceOrientationPortrait UIInterfaceOrientationPortraitUpsideDown UIInterfaceOrientationPortrait";
				INFOPLIST_KEY_UIUserInterfaceStyle = Light;
				IPHONEOS_DEPLOYMENT_TARGET = 13.0;
				LD_RUNPATH_SEARCH_PATHS = (
					"$(inherited)",
					"@executable_path/Frameworks",
				);
				MARKETING_VERSION = 1.0;
				ONLY_ACTIVE_ARCH = YES;
				PRODUCT_BUNDLE_IDENTIFIER = com.enola.TravelLive;
				PRODUCT_NAME = "$(TARGET_NAME)";
				SWIFT_EMIT_LOC_STRINGS = YES;
				SWIFT_VERSION = 5.0;
				TARGETED_DEVICE_FAMILY = "1,2";
			};
			name = Debug;
		};
		4BC1074C27FA9DD60017B1B7 /* Release */ = {
			isa = XCBuildConfiguration;
			baseConfigurationReference = 68FED9196589F5A3DCFBDD4D /* Pods-TravelLive.release.xcconfig */;
			buildSettings = {
				ASSETCATALOG_COMPILER_APPICON_NAME = AppIcon;
				ASSETCATALOG_COMPILER_GLOBAL_ACCENT_COLOR_NAME = AccentColor;
				CODE_SIGN_ENTITLEMENTS = TravelLive/TravelLive.entitlements;
				CODE_SIGN_STYLE = Automatic;
				CURRENT_PROJECT_VERSION = 1;
				DEVELOPMENT_TEAM = KKSLT7KN48;
				ENABLE_BITCODE = NO;
				FRAMEWORK_SEARCH_PATHS = (
					"$(inherited)",
					"$(PROJECT_DIR)",
				);
				GENERATE_INFOPLIST_FILE = YES;
				INFOPLIST_FILE = TravelLive/Info.plist;
				INFOPLIST_KEY_NSCameraUsageDescription = "TravelLive想要獲得您的相機，來進行直播、錄影";
				INFOPLIST_KEY_NSLocationUsageDescription = "TravelLive需要您的地理位置，來進行定位、以及推薦景點和活動";
				INFOPLIST_KEY_NSLocationWhenInUseUsageDescription = "TravelLive需要您的地理位置，來進行定位、以及推薦景點和活動";
				INFOPLIST_KEY_NSMicrophoneUsageDescription = "TravelLive需要啟用您的麥克風，來進行直播";
				INFOPLIST_KEY_NSPhotoLibraryUsageDescription = "TravelLive需要啟用您的照片庫，用來上傳頭像和上傳圖片影片";
				INFOPLIST_KEY_NSSpeechRecognitionUsageDescription = "TravelLive需要啟用您的語音識別，來呈現直播間字幕";
				INFOPLIST_KEY_UIApplicationSupportsIndirectInputEvents = YES;
				INFOPLIST_KEY_UILaunchStoryboardName = LaunchScreen;
				INFOPLIST_KEY_UIMainStoryboardFile = Main;
				INFOPLIST_KEY_UIRequiresFullScreen = YES;
				INFOPLIST_KEY_UISupportedInterfaceOrientations = UIInterfaceOrientationPortrait;
				INFOPLIST_KEY_UISupportedInterfaceOrientations_iPad = "UIInterfaceOrientationPortrait UIInterfaceOrientationPortraitUpsideDown UIInterfaceOrientationPortraitUpsideDown UIInterfaceOrientationPortrait";
				INFOPLIST_KEY_UISupportedInterfaceOrientations_iPhone = "UIInterfaceOrientationPortrait UIInterfaceOrientationPortraitUpsideDown UIInterfaceOrientationPortrait";
				INFOPLIST_KEY_UIUserInterfaceStyle = Light;
				IPHONEOS_DEPLOYMENT_TARGET = 13.0;
				LD_RUNPATH_SEARCH_PATHS = (
					"$(inherited)",
					"@executable_path/Frameworks",
				);
				MARKETING_VERSION = 1.0;
				ONLY_ACTIVE_ARCH = NO;
				PRODUCT_BUNDLE_IDENTIFIER = com.enola.TravelLive;
				PRODUCT_NAME = "$(TARGET_NAME)";
				SWIFT_EMIT_LOC_STRINGS = YES;
				SWIFT_VERSION = 5.0;
				TARGETED_DEVICE_FAMILY = "1,2";
			};
			name = Release;
		};
/* End XCBuildConfiguration section */

/* Begin XCConfigurationList section */
		4BC1073127FA9DD40017B1B7 /* Build configuration list for PBXProject "TravelLive" */ = {
			isa = XCConfigurationList;
			buildConfigurations = (
				4BC1074827FA9DD60017B1B7 /* Debug */,
				4BC1074927FA9DD60017B1B7 /* Release */,
			);
			defaultConfigurationIsVisible = 0;
			defaultConfigurationName = Release;
		};
		4BC1074A27FA9DD60017B1B7 /* Build configuration list for PBXNativeTarget "TravelLive" */ = {
			isa = XCConfigurationList;
			buildConfigurations = (
				4BC1074B27FA9DD60017B1B7 /* Debug */,
				4BC1074C27FA9DD60017B1B7 /* Release */,
			);
			defaultConfigurationIsVisible = 0;
			defaultConfigurationName = Release;
		};
/* End XCConfigurationList section */
	};
	rootObject = 4BC1072E27FA9DD40017B1B7 /* Project object */;
}
